{
  "version": 4,
  "terraform_version": "1.9.5",
  "serial": 307,
  "lineage": "11653583-82fc-696e-8a3a-85059760e298",
  "outputs": {},
  "resources": [
    {
      "mode": "data",
      "type": "azurerm_client_config",
      "name": "current",
      "provider": "provider[\"registry.terraform.io/hashicorp/azurerm\"]",
      "instances": [
        {
          "schema_version": 0,
          "attributes": {
            "client_id": "04b07795-8ddb-461a-bbee-02f9e1bf7b46",
            "id": "Y2xpZW50Q29uZmlncy9jbGllbnRJZD0wNGIwNzc5NS04ZGRiLTQ2MWEtYmJlZS0wMmY5ZTFiZjdiNDY7b2JqZWN0SWQ9MjYxNzVhNTEtMDFmZC00MTRhLWEzOWUtOWE4NGNiN2QxMTc2O3N1YnNjcmlwdGlvbklkPTcyNTFhOTA4LTQwMzItNDQyNi1iZmYxLTQyMDFjNWE0ZTY5MDt0ZW5hbnRJZD01OTEzMmZhMy02YWIwLTQ4OGEtYTFiNi1mOGY5Njg5M2QxYjc=",
            "object_id": "26175a51-01fd-414a-a39e-9a84cb7d1176",
            "subscription_id": "7251a908-4032-4426-bff1-4201c5a4e690",
            "tenant_id": "59132fa3-6ab0-488a-a1b6-f8f96893d1b7",
            "timeouts": null
          },
          "sensitive_attributes": []
        }
      ]
    },
    {
      "mode": "managed",
      "type": "azurerm_lb",
      "name": "azurerm_lb_integrationruntime",
      "provider": "provider[\"registry.terraform.io/hashicorp/azurerm\"]",
      "instances": [
        {
          "schema_version": 0,
          "attributes": {
            "edge_zone": "",
            "frontend_ip_configuration": [
              {
                "gateway_load_balancer_frontend_ip_configuration_id": "",
                "id": "/subscriptions/7251a908-4032-4426-bff1-4201c5a4e690/resourceGroups/BOLDTAZ-PROD-EastUS2-RG-Data-Analytics/providers/Microsoft.Network/loadBalancers/integrationruntime-vnet/frontendIPConfigurations/frontend",
                "inbound_nat_rules": [],
                "load_balancer_rules": [
                  "/subscriptions/7251a908-4032-4426-bff1-4201c5a4e690/resourceGroups/BOLDTAZ-PROD-EastUS2-RG-Data-Analytics/providers/Microsoft.Network/loadBalancers/integrationruntime-vnet/loadBalancingRules/rds-dev"
                ],
                "name": "frontend",
                "outbound_rules": [],
                "private_ip_address": "172.30.30.68",
                "private_ip_address_allocation": "Dynamic",
                "private_ip_address_version": "IPv4",
                "public_ip_address_id": "",
                "public_ip_prefix_id": "",
                "subnet_id": "/subscriptions/7251a908-4032-4426-bff1-4201c5a4e690/resourceGroups/BOLDTAZ-PROD-EastUS2-RG-Data-Analytics/providers/Microsoft.Network/virtualNetworks/integrationruntime-for-vnet/subnets/frontend-subnet",
                "zones": []
              }
            ],
            "id": "/subscriptions/7251a908-4032-4426-bff1-4201c5a4e690/resourceGroups/BOLDTAZ-PROD-EastUS2-RG-Data-Analytics/providers/Microsoft.Network/loadBalancers/integrationruntime-vnet",
            "location": "eastus2",
            "name": "integrationruntime-vnet",
            "private_ip_address": "172.30.30.68",
            "private_ip_addresses": [
              "172.30.30.68"
            ],
            "resource_group_name": "BOLDTAZ-PROD-EastUS2-RG-Data-Analytics",
            "sku": "Standard",
            "sku_tier": "Regional",
            "tags": {},
            "timeouts": null
          },
          "sensitive_attributes": [],
          "private": "eyJlMmJmYjczMC1lY2FhLTExZTYtOGY4OC0zNDM2M2JjN2M0YzAiOnsiY3JlYXRlIjoxODAwMDAwMDAwMDAwLCJkZWxldGUiOjE4MDAwMDAwMDAwMDAsInJlYWQiOjMwMDAwMDAwMDAwMCwidXBkYXRlIjoxODAwMDAwMDAwMDAwfX0=",
          "dependencies": [
            "azurerm_subnet.frontend_subnet",
            "azurerm_virtual_network.integrationruntime_vnet"
          ]
        }
      ]
    },
    {
      "mode": "managed",
      "type": "azurerm_lb_backend_address_pool",
      "name": "integrationruntime_backend",
      "provider": "provider[\"registry.terraform.io/hashicorp/azurerm\"]",
      "instances": [
        {
          "schema_version": 0,
          "attributes": {
            "backend_ip_configurations": [
              "/subscriptions/7251a908-4032-4426-bff1-4201c5a4e690/resourceGroups/BOLDTAZ-PROD-EastUS2-RG-Data-Analytics/providers/Microsoft.Network/networkInterfaces/integrationruntime-backend-nic/ipConfigurations/internal"
            ],
            "id": "/subscriptions/7251a908-4032-4426-bff1-4201c5a4e690/resourceGroups/BOLDTAZ-PROD-EastUS2-RG-Data-Analytics/providers/Microsoft.Network/loadBalancers/integrationruntime-vnet/backendAddressPools/backend",
            "inbound_nat_rules": [],
            "load_balancing_rules": [
              "/subscriptions/7251a908-4032-4426-bff1-4201c5a4e690/resourceGroups/BOLDTAZ-PROD-EastUS2-RG-Data-Analytics/providers/Microsoft.Network/loadBalancers/integrationruntime-vnet/loadBalancingRules/rds-dev"
            ],
            "loadbalancer_id": "/subscriptions/7251a908-4032-4426-bff1-4201c5a4e690/resourceGroups/BOLDTAZ-PROD-EastUS2-RG-Data-Analytics/providers/Microsoft.Network/loadBalancers/integrationruntime-vnet",
            "name": "backend",
            "outbound_rules": [],
            "synchronous_mode": "",
            "timeouts": null,
            "tunnel_interface": [],
            "virtual_network_id": ""
          },
          "sensitive_attributes": [],
          "private": "eyJlMmJmYjczMC1lY2FhLTExZTYtOGY4OC0zNDM2M2JjN2M0YzAiOnsiY3JlYXRlIjoxODAwMDAwMDAwMDAwLCJkZWxldGUiOjE4MDAwMDAwMDAwMDAsInJlYWQiOjMwMDAwMDAwMDAwMCwidXBkYXRlIjoxODAwMDAwMDAwMDAwfX0=",
          "dependencies": [
            "azurerm_lb.azurerm_lb_integrationruntime",
            "azurerm_subnet.frontend_subnet",
            "azurerm_virtual_network.integrationruntime_vnet"
          ]
        }
      ]
    },
    {
      "mode": "managed",
      "type": "azurerm_lb_probe",
      "name": "integrationruntime_probe",
      "provider": "provider[\"registry.terraform.io/hashicorp/azurerm\"]",
      "instances": [
        {
          "schema_version": 0,
          "attributes": {
            "id": "/subscriptions/7251a908-4032-4426-bff1-4201c5a4e690/resourceGroups/BOLDTAZ-PROD-EastUS2-RG-Data-Analytics/providers/Microsoft.Network/loadBalancers/integrationruntime-vnet/probes/health",
            "interval_in_seconds": 60,
            "load_balancer_rules": [
              "/subscriptions/7251a908-4032-4426-bff1-4201c5a4e690/resourceGroups/BOLDTAZ-PROD-EastUS2-RG-Data-Analytics/providers/Microsoft.Network/loadBalancers/integrationruntime-vnet/loadBalancingRules/rds-dev"
            ],
            "loadbalancer_id": "/subscriptions/7251a908-4032-4426-bff1-4201c5a4e690/resourceGroups/BOLDTAZ-PROD-EastUS2-RG-Data-Analytics/providers/Microsoft.Network/loadBalancers/integrationruntime-vnet",
            "name": "health",
            "number_of_probes": 1,
            "port": 22,
            "probe_threshold": 1,
            "protocol": "Tcp",
            "request_path": "",
            "timeouts": null
          },
          "sensitive_attributes": [],
          "private": "eyJlMmJmYjczMC1lY2FhLTExZTYtOGY4OC0zNDM2M2JjN2M0YzAiOnsiY3JlYXRlIjoxODAwMDAwMDAwMDAwLCJkZWxldGUiOjE4MDAwMDAwMDAwMDAsInJlYWQiOjMwMDAwMDAwMDAwMCwidXBkYXRlIjoxODAwMDAwMDAwMDAwfX0=",
          "dependencies": [
            "azurerm_lb.azurerm_lb_integrationruntime",
            "azurerm_subnet.frontend_subnet",
            "azurerm_virtual_network.integrationruntime_vnet"
          ]
        }
      ]
    },
    {
      "mode": "managed",
      "type": "azurerm_lb_rule",
      "name": "rds_dev_rule",
      "provider": "provider[\"registry.terraform.io/hashicorp/azurerm\"]",
      "instances": [
        {
          "schema_version": 0,
          "attributes": {
            "backend_address_pool_ids": [
              "/subscriptions/7251a908-4032-4426-bff1-4201c5a4e690/resourceGroups/BOLDTAZ-PROD-EastUS2-RG-Data-Analytics/providers/Microsoft.Network/loadBalancers/integrationruntime-vnet/backendAddressPools/backend"
            ],
            "backend_port": 0,
            "disable_outbound_snat": true,
            "enable_floating_ip": false,
            "enable_tcp_reset": false,
            "frontend_ip_configuration_id": "/subscriptions/7251a908-4032-4426-bff1-4201c5a4e690/resourceGroups/BOLDTAZ-PROD-EastUS2-RG-Data-Analytics/providers/Microsoft.Network/loadBalancers/integrationruntime-vnet/frontendIPConfigurations/frontend",
            "frontend_ip_configuration_name": "frontend",
            "frontend_port": 0,
            "id": "/subscriptions/7251a908-4032-4426-bff1-4201c5a4e690/resourceGroups/BOLDTAZ-PROD-EastUS2-RG-Data-Analytics/providers/Microsoft.Network/loadBalancers/integrationruntime-vnet/loadBalancingRules/rds-dev",
            "idle_timeout_in_minutes": 15,
            "load_distribution": "Default",
            "loadbalancer_id": "/subscriptions/7251a908-4032-4426-bff1-4201c5a4e690/resourceGroups/BOLDTAZ-PROD-EastUS2-RG-Data-Analytics/providers/Microsoft.Network/loadBalancers/integrationruntime-vnet",
            "name": "rds-dev",
            "probe_id": "/subscriptions/7251a908-4032-4426-bff1-4201c5a4e690/resourceGroups/BOLDTAZ-PROD-EastUS2-RG-Data-Analytics/providers/Microsoft.Network/loadBalancers/integrationruntime-vnet/probes/health",
            "protocol": "All",
            "timeouts": null
          },
          "sensitive_attributes": [],
          "private": "eyJlMmJmYjczMC1lY2FhLTExZTYtOGY4OC0zNDM2M2JjN2M0YzAiOnsiY3JlYXRlIjoxODAwMDAwMDAwMDAwLCJkZWxldGUiOjE4MDAwMDAwMDAwMDAsInJlYWQiOjMwMDAwMDAwMDAwMCwidXBkYXRlIjoxODAwMDAwMDAwMDAwfX0=",
          "dependencies": [
            "azurerm_lb.azurerm_lb_integrationruntime",
            "azurerm_lb_backend_address_pool.integrationruntime_backend",
            "azurerm_lb_probe.integrationruntime_probe",
            "azurerm_subnet.frontend_subnet",
            "azurerm_virtual_network.integrationruntime_vnet"
          ]
        }
      ]
    },
    {
      "mode": "managed",
      "type": "azurerm_linux_virtual_machine",
      "name": "integrationruntime_backend_vm",
      "provider": "provider[\"registry.terraform.io/hashicorp/azurerm\"]",
      "instances": [
        {
          "schema_version": 0,
          "attributes": {
            "additional_capabilities": [],
            "admin_password": "Tecnalis1234$",
            "admin_ssh_key": [],
            "admin_username": "ubuntu",
            "allow_extension_operations": true,
            "availability_set_id": "",
            "boot_diagnostics": [],
            "bypass_platform_safety_checks_on_user_schedule_enabled": false,
            "capacity_reservation_group_id": "",
            "computer_name": "integrationruntime-backend",
            "custom_data": "IyEvYmluL2Jhc2gNCiMgVXNlciBEYXRhIHNjcmlwdA0KDQojIENyZWFyIGVsIGFyY2hpdm8gaXBfZndkLnNoIGVuIGVsIGRpcmVjdG9yaW8gL3Jvb3QvIGNvbiBlbCBjb250ZW5pZG8gZXNwZWNpZmljYWRvDQpjYXQgPDwnRU9GJyA+IC9yb290L2lwX2Z3ZC5zaA0KIyEvYmluL2Jhc2gNCg0KIy0tLS0tLS0tLS0tLS0tLS0tLS0tLS0tLS0tLS0tLS0tLS0tLS0tLS0tLS0tLS0tLS0tLS0tLS0tLS0tLS0tLS0tLS0tLS0tLS0NCiMgQ29weXJpZ2h0IChjKSBNaWNyb3NvZnQgQ29ycG9yYXRpb24uIEFsbCByaWdodHMgcmVzZXJ2ZWQuDQojIExpY2Vuc2VkIHVuZGVyIHRoZSBNSVQgTGljZW5zZS4gDQojLS0tLS0tLS0tLS0tLS0tLS0tLS0tLS0tLS0tLS0tLS0tLS0tLS0tLS0tLS0tLS0tLS0tLS0tLS0tLS0tLS0tLS0tLS0tLS0tLS0NCg0KdXNhZ2UoKSB7DQoJZWNobyAtZSAiXGVbMzNtIg0KCWVjaG8gInVzYWdlOiAkezB9IFstaSA8ZXRoX2ludGVyZmFjZT5dIFstZiA8ZnJvbnRlbmRfcG9ydD5dIFstYSA8ZGVzdF9pcF9hZGRyPl0gWy1iIDxkZXN0X3BvcnQ+XSIgMT4mMg0KCWVjaG8gIndoZXJlOiIgMT4mMg0KCWVjaG8gIjxldGhfaW50ZXJmYWNlPjogSW50ZXJmYWNlIG9uIHdoaWNoIHBhY2tldCB3aWxsIGFycml2ZSBhbmQgYmUgZm9yd2FyZGVkIiAxPiYyDQoJZWNobyAiPGZyb250ZW5kX3BvcnQ+OiBGcm9udGVuZCBwb3J0IG9uIHdoaWNoIHBhY2tldCBhcnJpdmVzIiAxPiYyDQoJZWNobyAiPGRlc3RfcG9ydD4gICAgOiBEZXN0aW5hdGlvbiBwb3J0IHRvIHdoaWNoIHBhY2tldCBpcyBmb3J3YXJkZWQiIDE+JjINCgllY2hvICI8ZGVzdF9pcF9hZGRyPiA6IERlc3RpbmF0aW9uIElQIHdoaWNoIHBhY2tldCBpcyBmb3J3YXJkZWQiIDE+JjINCgllY2hvIC1lICJcZVswbSINCn0NCg0KaWYgW1sgJCMgLWVxIDAgXV07IHRoZW4NCgllY2hvIC1lICJcZVszMW1FUlJPUjogbm8gb3B0aW9ucyBnaXZlblxlWzBtIg0KCXVzYWdlDQoJZXhpdCAxDQpmaQ0Kd2hpbGUgZ2V0b3B0cyAnaTpmOmE6YjonIE9QVFM7IGRvDQoJY2FzZSAiJHtPUFRTfSIgaW4NCgkJaSkNCgkJCWVjaG8gLWUgIlxlWzMybVVzaW5nIGV0aGVybmV0IGludGVyZmFjZSAke09QVEFSR31cZVswbSINCgkJCUVUSF9JRj0ke09QVEFSR30NCgkJCTs7DQoJCWYpDQoJCQllY2hvIC1lICJcZVszMm1Gcm9udGVuZCBwb3J0IGlzICR7T1BUQVJHfVxlWzBtIg0KCQkJRkVfUE9SVD0ke09QVEFSR30NCgkJCTs7DQoJCWEpDQoJCQllY2hvIC1lICJcZVszMm1EZXN0aW5hdGlvbiBJUCBBZGRyZXNzIGlzICR7T1BUQVJHfVxlWzBtIg0KCQkJREVTVF9IT1NUPSR7T1BUQVJHfQ0KCQkJOzsNCgkJYikNCgkJCWVjaG8gLWUgIlxlWzMybURlc3RpbmF0aW9uIFBvcnQgaXMgJHtPUFRBUkd9XGVbMG0iDQoJCQlERVNUX1BPUlQ9JHtPUFRBUkd9DQoJCQk7Ow0KCQkqKQ0KCQkJdXNhZ2UNCgkJCWV4aXQgMQ0KCQkJOzsNCgllc2FjDQpkb25lDQoNCmlmIFsgLXogJHtFVEhfSUZ9IF07IHRoZW4NCgllY2hvIC1lICJcZVszMW1FUlJPUjogZXRoZXJuZXQgaW50ZXJmYWNlIG5vdCBzcGVjaWZpZWQhISFcZVswbSINCgl1c2FnZQ0KCWV4aXQgMQ0KZmkNCmlmIFsgLXogJHtGRV9QT1JUfSBdOyB0aGVuDQoJZWNobyAtZSAiXGVbMzFtRVJST1I6IGZyb250ZW5kIHBvcnQgbm90IHNwZWNpZmllZCEhIVxlWzBtIg0KCXVzYWdlDQoJZXhpdCAxDQpmaQ0KaWYgWyAteiAke0RFU1RfSE9TVH0gXTsgdGhlbg0KCWVjaG8gLWUgIlxlWzMxbUVSUk9SOiBkZXN0aW5hdGlvbiBJUCBub3Qgc3BlY2lmaWVkISEhXGVbMG0iDQoJdXNhZ2UNCglleGl0IDENCmZpDQppZiBbIC16ICR7REVTVF9QT1JUfSBdOyB0aGVuDQoJZWNobyAtZSAiXGVbMzFtRVJST1I6IGRlc3RpbmF0aW9uIHBvcnQgbm90IHNwZWNpZmllZCEhIVxlWzBtIg0KCXVzYWdlDQoJZXhpdCAxDQpmaQ0KDQojMS4gTWFrZSBzdXJlIHlvdSdyZSByb290DQplY2hvIC1lICJcZVszMm1DaGVja2luZyB3aGV0aGVyIHdlJ3JlIHJvb3QuLi5cZVswbSINCmlmIFsgLXogJHtVSUR9IF07IHRoZW4NCglVSUQ9JChpZCAtdSkNCmZpDQppZiBbICIke1VJRH0iICE9ICIwIiBdOyB0aGVuDQoJZWNobyAtZSAiXGVbMzFtRVJST1I6IHVzZXIgbXVzdCBiZSByb290XGVbMG0iDQoJZXhpdCAxDQpmaQ0KDQojMi4gTWFrZSBzdXJlIElQIEZvcndhcmRpbmcgaXMgZW5hYmxlZCBpbiB0aGUga2VybmVsDQplY2hvIC1lICJcZVszMm1FbmFibGluZyBJUCBmb3J3YXJkaW5nLi4uXGVbMG0iDQplY2hvICIxIiA+IC9wcm9jL3N5cy9uZXQvaXB2NC9pcF9mb3J3YXJkDQoNCiMzLiBDaGVjayBpZiBJUCBvciBob3N0bmFtZSBpcyBzcGVjaWZpZWQgZm9yIGRlc3RpbmF0aW9uIElQDQppZiBbWyAke0RFU1RfSE9TVH0gPX4gXlswLTldK1wuWzAtOV0rXC5bMC05XStcLlswLTldKyQgXV07IHRoZW4NCglERVNUX0lQPSR7REVTVF9IT1NUfQ0KZWxzZQ0KCURFU1RfSVA9JChob3N0ICR7REVTVF9IT1NUfSB8IGdyZXAgImhhcyBhZGRyZXNzIiB8IGF3ayAne3ByaW50ICRORn0nKQ0KZmkNCmVjaG8gLWUgIlxlWzMybVVzaW5nIERlc3RpbmF0aW9uIElQICR7REVTVF9JUH1cZVswbSINCg0KIzQuIEdldCBsb2NhbCBJUA0KTE9DQUxfSVA9JChpcCBhZGRyIGxzICR7RVRIX0lGfSB8IGdyZXAgLXcgaW5ldCB8IGF3ayAne3ByaW50ICQyfScgfCBhd2sgLUYvICd7cHJpbnQgJDF9JykNCmVjaG8gLWUgIlxlWzMybVVzaW5nIExvY2FsIElQICR7TE9DQUxfSVB9XGVbMG0iDQoNCiM0LiBEbyBETkFUDQplY2hvIC1lICJcZVszMm1DcmVhdGluZyBETkFUIHJ1bGUgZnJvbSAke0xPQ0FMX0lQfToke0ZFX1BPUlR9IHRvICR7REVTVF9JUH06JHtERVNUX1BPUlR9Li4uXGVbMG0iDQppcHRhYmxlcyAtdCBuYXQgLUEgUFJFUk9VVElORyAtcCB0Y3AgLWkgJHtFVEhfSUZ9IC0tZHBvcnQgJHtGRV9QT1JUfSAtaiBETkFUIC0tdG8gJHtERVNUX0lQfToke0RFU1RfUE9SVH0NCg0KIzQuIERvIFNOQVQNCmVjaG8gLWUgIlxlWzMybUNyZWF0aW5nIFNOQVQgcnVsZSBmcm9tICR7REVTVF9JUH06JHtERVNUX1BPUlR9IHRvICR7TE9DQUxfSVB9OiR7RkVfUE9SVH0uLi5cZVswbSINCmlwdGFibGVzIC10IG5hdCAtQSBQT1NUUk9VVElORyAtbyAke0VUSF9JRn0gLWogTUFTUVVFUkFERQ0KZWNobyAtZSAiXGVbMzJtRG9uZSFcZVswbSINCkVPRg0KDQojIEhhY2VyIGVqZWN1dGFibGUgZWwgYXJjaGl2bw0KY2htb2QgK3ggL3Jvb3QvaXBfZndkLnNoDQoNCiMgRWplY3V0YXIgZWwgc2NyaXB0IGNvbiBsb3MgcGFyw6FtZXRyb3MgcHJvcG9yY2lvbmFkb3MNCi9yb290L2lwX2Z3ZC5zaCAtaSBldGgwIC1mIDU0MzIgLWEgMTcyLjMwLjM1LjE3IC1iIDU0MzINCg==",
            "dedicated_host_group_id": "",
            "dedicated_host_id": "",
            "disable_password_authentication": false,
            "disk_controller_type": "SCSI",
            "edge_zone": "",
            "encryption_at_host_enabled": false,
            "eviction_policy": "",
            "extensions_time_budget": "PT1H30M",
            "gallery_application": [],
            "id": "/subscriptions/7251a908-4032-4426-bff1-4201c5a4e690/resourceGroups/BOLDTAZ-PROD-EastUS2-RG-Data-Analytics/providers/Microsoft.Compute/virtualMachines/integrationruntime-backend",
            "identity": [],
            "license_type": "",
            "location": "eastus2",
            "max_bid_price": -1,
            "name": "integrationruntime-backend",
            "network_interface_ids": [
              "/subscriptions/7251a908-4032-4426-bff1-4201c5a4e690/resourceGroups/BOLDTAZ-PROD-EastUS2-RG-Data-Analytics/providers/Microsoft.Network/networkInterfaces/integrationruntime-backend-nic"
            ],
            "os_disk": [
              {
                "caching": "ReadWrite",
                "diff_disk_settings": [],
                "disk_encryption_set_id": "",
                "disk_size_gb": 30,
                "name": "integrationruntime-backend_OsDisk_1_7cc538ca7deb4f08bae5e49151c7f16b",
                "secure_vm_disk_encryption_set_id": "",
                "security_encryption_type": "",
                "storage_account_type": "Standard_LRS",
                "write_accelerator_enabled": false
              }
            ],
            "os_image_notification": [],
            "patch_assessment_mode": "ImageDefault",
            "patch_mode": "ImageDefault",
            "plan": [],
            "platform_fault_domain": -1,
            "priority": "Regular",
            "private_ip_address": "172.30.30.132",
            "private_ip_addresses": [
              "172.30.30.132"
            ],
            "provision_vm_agent": true,
            "proximity_placement_group_id": "",
            "public_ip_address": "",
            "public_ip_addresses": [],
            "reboot_setting": "",
            "resource_group_name": "BOLDTAZ-PROD-EastUS2-RG-Data-Analytics",
            "secret": [],
            "secure_boot_enabled": false,
            "size": "Standard_B12ms",
            "source_image_id": "",
            "source_image_reference": [
              {
                "offer": "0001-com-ubuntu-server-jammy",
                "publisher": "Canonical",
                "sku": "22_04-lts-gen2",
                "version": "22.04.202408300"
              }
            ],
            "tags": {},
            "termination_notification": [],
            "timeouts": null,
            "user_data": "",
            "virtual_machine_id": "e993e964-5d9f-46e8-9f15-8c5b29f68bef",
            "virtual_machine_scale_set_id": "",
            "vm_agent_platform_updates_enabled": false,
            "vtpm_enabled": false,
            "zone": ""
          },
          "sensitive_attributes": [
            [
              {
                "type": "get_attr",
                "value": "admin_password"
              }
            ],
            [
              {
                "type": "get_attr",
                "value": "custom_data"
              }
            ]
          ],
          "private": "eyJlMmJmYjczMC1lY2FhLTExZTYtOGY4OC0zNDM2M2JjN2M0YzAiOnsiY3JlYXRlIjoyNzAwMDAwMDAwMDAwLCJkZWxldGUiOjI3MDAwMDAwMDAwMDAsInJlYWQiOjMwMDAwMDAwMDAwMCwidXBkYXRlIjoyNzAwMDAwMDAwMDAwfX0=",
          "dependencies": [
            "azurerm_network_interface.integrationruntime_backend_nic",
            "azurerm_subnet.backend_subnet",
            "azurerm_virtual_network.integrationruntime_vnet"
          ]
        }
      ]
    },
    {
      "mode": "managed",
      "type": "azurerm_network_interface",
      "name": "integrationruntime_backend_nic",
      "provider": "provider[\"registry.terraform.io/hashicorp/azurerm\"]",
      "instances": [
        {
          "schema_version": 0,
          "attributes": {
            "accelerated_networking_enabled": false,
            "applied_dns_servers": [],
            "auxiliary_mode": "",
            "auxiliary_sku": "",
            "dns_servers": [],
            "edge_zone": "",
            "id": "/subscriptions/7251a908-4032-4426-bff1-4201c5a4e690/resourceGroups/BOLDTAZ-PROD-EastUS2-RG-Data-Analytics/providers/Microsoft.Network/networkInterfaces/integrationruntime-backend-nic",
            "internal_dns_name_label": "",
            "internal_domain_name_suffix": "",
            "ip_configuration": [
              {
                "gateway_load_balancer_frontend_ip_configuration_id": "",
                "name": "internal",
                "primary": true,
                "private_ip_address": "172.30.30.132",
                "private_ip_address_allocation": "Dynamic",
                "private_ip_address_version": "IPv4",
                "public_ip_address_id": "",
                "subnet_id": "/subscriptions/7251a908-4032-4426-bff1-4201c5a4e690/resourceGroups/BOLDTAZ-PROD-EastUS2-RG-Data-Analytics/providers/Microsoft.Network/virtualNetworks/integrationruntime-for-vnet/subnets/backend-subnet"
              }
            ],
            "ip_forwarding_enabled": false,
            "location": "eastus2",
            "mac_address": "00-22-48-51-3A-51",
            "name": "integrationruntime-backend-nic",
            "private_ip_address": "172.30.30.132",
            "private_ip_addresses": [
              "172.30.30.132"
            ],
            "resource_group_name": "BOLDTAZ-PROD-EastUS2-RG-Data-Analytics",
            "tags": {},
            "timeouts": null,
            "virtual_machine_id": "/subscriptions/7251a908-4032-4426-bff1-4201c5a4e690/resourceGroups/BOLDTAZ-PROD-EastUS2-RG-Data-Analytics/providers/Microsoft.Compute/virtualMachines/integrationruntime-backend"
          },
          "sensitive_attributes": [],
          "private": "eyJlMmJmYjczMC1lY2FhLTExZTYtOGY4OC0zNDM2M2JjN2M0YzAiOnsiY3JlYXRlIjoxODAwMDAwMDAwMDAwLCJkZWxldGUiOjE4MDAwMDAwMDAwMDAsInJlYWQiOjMwMDAwMDAwMDAwMCwidXBkYXRlIjoxODAwMDAwMDAwMDAwfX0=",
          "dependencies": [
            "azurerm_subnet.backend_subnet",
            "azurerm_virtual_network.integrationruntime_vnet"
          ]
        }
      ]
    },
    {
      "mode": "managed",
      "type": "azurerm_network_interface_backend_address_pool_association",
      "name": "backend",
      "provider": "provider[\"registry.terraform.io/hashicorp/azurerm\"]",
      "instances": [
        {
          "schema_version": 0,
          "attributes": {
            "backend_address_pool_id": "/subscriptions/7251a908-4032-4426-bff1-4201c5a4e690/resourceGroups/BOLDTAZ-PROD-EastUS2-RG-Data-Analytics/providers/Microsoft.Network/loadBalancers/integrationruntime-vnet/backendAddressPools/backend",
            "id": "/subscriptions/7251a908-4032-4426-bff1-4201c5a4e690/resourceGroups/BOLDTAZ-PROD-EastUS2-RG-Data-Analytics/providers/Microsoft.Network/networkInterfaces/integrationruntime-backend-nic/ipConfigurations/internal|/subscriptions/7251a908-4032-4426-bff1-4201c5a4e690/resourceGroups/BOLDTAZ-PROD-EastUS2-RG-Data-Analytics/providers/Microsoft.Network/loadBalancers/integrationruntime-vnet/backendAddressPools/backend",
            "ip_configuration_name": "internal",
            "network_interface_id": "/subscriptions/7251a908-4032-4426-bff1-4201c5a4e690/resourceGroups/BOLDTAZ-PROD-EastUS2-RG-Data-Analytics/providers/Microsoft.Network/networkInterfaces/integrationruntime-backend-nic",
            "timeouts": null
          },
          "sensitive_attributes": [],
          "private": "eyJlMmJmYjczMC1lY2FhLTExZTYtOGY4OC0zNDM2M2JjN2M0YzAiOnsiY3JlYXRlIjoxODAwMDAwMDAwMDAwLCJkZWxldGUiOjE4MDAwMDAwMDAwMDAsInJlYWQiOjMwMDAwMDAwMDAwMH19",
          "dependencies": [
            "azurerm_lb.azurerm_lb_integrationruntime",
            "azurerm_lb_backend_address_pool.integrationruntime_backend",
            "azurerm_network_interface.integrationruntime_backend_nic",
            "azurerm_subnet.backend_subnet",
            "azurerm_subnet.frontend_subnet",
            "azurerm_virtual_network.integrationruntime_vnet"
          ]
        }
      ]
    },
    {
      "mode": "managed",
      "type": "azurerm_private_link_service",
      "name": "psl",
      "provider": "provider[\"registry.terraform.io/hashicorp/azurerm\"]",
      "instances": [
        {
          "schema_version": 0,
          "attributes": {
            "alias": "psl.5b3f5af8-bb48-4af2-a754-02b7dab9dbe3.eastus2.azure.privatelinkservice",
            "auto_approval_subscription_ids": [],
            "enable_proxy_protocol": false,
            "fqdns": [],
            "id": "/subscriptions/7251a908-4032-4426-bff1-4201c5a4e690/resourceGroups/BOLDTAZ-PROD-EastUS2-RG-Data-Analytics/providers/Microsoft.Network/privateLinkServices/psl",
            "load_balancer_frontend_ip_configuration_ids": [
              "/subscriptions/7251a908-4032-4426-bff1-4201c5a4e690/resourceGroups/BOLDTAZ-PROD-EastUS2-RG-Data-Analytics/providers/Microsoft.Network/loadBalancers/integrationruntime-vnet/frontendIPConfigurations/frontend"
            ],
            "location": "eastus2",
            "name": "psl",
            "nat_ip_configuration": [
              {
                "name": "nat-ip-config",
                "primary": true,
                "private_ip_address": "",
                "private_ip_address_version": "IPv4",
                "subnet_id": "/subscriptions/7251a908-4032-4426-bff1-4201c5a4e690/resourceGroups/BOLDTAZ-PROD-EastUS2-RG-Data-Analytics/providers/Microsoft.Network/virtualNetworks/integrationruntime-for-vnet/subnets/pls-subnet"
              }
            ],
            "resource_group_name": "BOLDTAZ-PROD-EastUS2-RG-Data-Analytics",
            "tags": {},
            "timeouts": null,
            "visibility_subscription_ids": []
          },
          "sensitive_attributes": [],
          "private": "eyJlMmJmYjczMC1lY2FhLTExZTYtOGY4OC0zNDM2M2JjN2M0YzAiOnsiY3JlYXRlIjozNjAwMDAwMDAwMDAwLCJkZWxldGUiOjM2MDAwMDAwMDAwMDAsInJlYWQiOjMwMDAwMDAwMDAwMCwidXBkYXRlIjozNjAwMDAwMDAwMDAwfX0=",
          "dependencies": [
            "azurerm_lb.azurerm_lb_integrationruntime",
            "azurerm_subnet.frontend_subnet",
            "azurerm_subnet.pls_subnet",
            "azurerm_virtual_network.integrationruntime_vnet"
          ]
        }
      ]
    },
    {
      "mode": "managed",
      "type": "azurerm_subnet",
      "name": "backend_subnet",
      "provider": "provider[\"registry.terraform.io/hashicorp/azurerm\"]",
      "instances": [
        {
          "schema_version": 0,
          "attributes": {
            "address_prefixes": [
              "172.30.30.128/26"
            ],
            "default_outbound_access_enabled": true,
            "delegation": [],
            "id": "/subscriptions/7251a908-4032-4426-bff1-4201c5a4e690/resourceGroups/BOLDTAZ-PROD-EastUS2-RG-Data-Analytics/providers/Microsoft.Network/virtualNetworks/integrationruntime-for-vnet/subnets/backend-subnet",
            "name": "backend-subnet",
            "private_endpoint_network_policies": "Disabled",
            "private_link_service_network_policies_enabled": true,
            "resource_group_name": "BOLDTAZ-PROD-EastUS2-RG-Data-Analytics",
            "service_endpoint_policy_ids": [],
            "service_endpoints": [],
            "timeouts": null,
            "virtual_network_name": "integrationruntime-for-vnet"
          },
          "sensitive_attributes": [],
          "private": "eyJlMmJmYjczMC1lY2FhLTExZTYtOGY4OC0zNDM2M2JjN2M0YzAiOnsiY3JlYXRlIjoxODAwMDAwMDAwMDAwLCJkZWxldGUiOjE4MDAwMDAwMDAwMDAsInJlYWQiOjMwMDAwMDAwMDAwMCwidXBkYXRlIjoxODAwMDAwMDAwMDAwfX0=",
          "dependencies": [
            "azurerm_virtual_network.integrationruntime_vnet"
          ]
        }
      ]
    },
    {
      "mode": "managed",
      "type": "azurerm_subnet",
      "name": "frontend_subnet",
      "provider": "provider[\"registry.terraform.io/hashicorp/azurerm\"]",
      "instances": [
        {
          "schema_version": 0,
          "attributes": {
            "address_prefixes": [
              "172.30.30.64/26"
            ],
            "default_outbound_access_enabled": true,
            "delegation": [],
            "id": "/subscriptions/7251a908-4032-4426-bff1-4201c5a4e690/resourceGroups/BOLDTAZ-PROD-EastUS2-RG-Data-Analytics/providers/Microsoft.Network/virtualNetworks/integrationruntime-for-vnet/subnets/frontend-subnet",
            "name": "frontend-subnet",
            "private_endpoint_network_policies": "Disabled",
            "private_link_service_network_policies_enabled": true,
            "resource_group_name": "BOLDTAZ-PROD-EastUS2-RG-Data-Analytics",
            "service_endpoint_policy_ids": [],
            "service_endpoints": [],
            "timeouts": null,
            "virtual_network_name": "integrationruntime-for-vnet"
          },
          "sensitive_attributes": [],
          "private": "eyJlMmJmYjczMC1lY2FhLTExZTYtOGY4OC0zNDM2M2JjN2M0YzAiOnsiY3JlYXRlIjoxODAwMDAwMDAwMDAwLCJkZWxldGUiOjE4MDAwMDAwMDAwMDAsInJlYWQiOjMwMDAwMDAwMDAwMCwidXBkYXRlIjoxODAwMDAwMDAwMDAwfX0=",
          "dependencies": [
            "azurerm_virtual_network.integrationruntime_vnet"
          ]
        }
      ]
    },
    {
      "mode": "managed",
      "type": "azurerm_subnet",
      "name": "pls_subnet",
      "provider": "provider[\"registry.terraform.io/hashicorp/azurerm\"]",
      "instances": [
        {
          "schema_version": 0,
          "attributes": {
            "address_prefixes": [
              "172.30.30.0/26"
            ],
            "default_outbound_access_enabled": true,
            "delegation": [],
            "id": "/subscriptions/7251a908-4032-4426-bff1-4201c5a4e690/resourceGroups/BOLDTAZ-PROD-EastUS2-RG-Data-Analytics/providers/Microsoft.Network/virtualNetworks/integrationruntime-for-vnet/subnets/pls-subnet",
            "name": "pls-subnet",
            "private_endpoint_network_policies": "Disabled",
            "private_link_service_network_policies_enabled": false,
            "resource_group_name": "BOLDTAZ-PROD-EastUS2-RG-Data-Analytics",
            "service_endpoint_policy_ids": [],
            "service_endpoints": [],
            "timeouts": null,
            "virtual_network_name": "integrationruntime-for-vnet"
          },
          "sensitive_attributes": [],
          "private": "eyJlMmJmYjczMC1lY2FhLTExZTYtOGY4OC0zNDM2M2JjN2M0YzAiOnsiY3JlYXRlIjoxODAwMDAwMDAwMDAwLCJkZWxldGUiOjE4MDAwMDAwMDAwMDAsInJlYWQiOjMwMDAwMDAwMDAwMCwidXBkYXRlIjoxODAwMDAwMDAwMDAwfX0=",
          "dependencies": [
            "azurerm_virtual_network.integrationruntime_vnet"
          ]
        }
      ]
    },
    {
      "mode": "managed",
      "type": "azurerm_virtual_network",
      "name": "integrationruntime_vnet",
      "provider": "provider[\"registry.terraform.io/hashicorp/azurerm\"]",
      "instances": [
        {
          "schema_version": 0,
          "attributes": {
            "address_space": [
              "172.30.30.0/24"
            ],
            "bgp_community": "",
            "ddos_protection_plan": [],
            "dns_servers": [],
            "edge_zone": "",
            "encryption": [],
            "flow_timeout_in_minutes": 0,
            "guid": "c9a68b24-ee01-4af3-96e0-4934622468ca",
            "id": "/subscriptions/7251a908-4032-4426-bff1-4201c5a4e690/resourceGroups/BOLDTAZ-PROD-EastUS2-RG-Data-Analytics/providers/Microsoft.Network/virtualNetworks/integrationruntime-for-vnet",
            "location": "eastus2",
            "name": "integrationruntime-for-vnet",
            "resource_group_name": "BOLDTAZ-PROD-EastUS2-RG-Data-Analytics",
            "subnet": [
              {
                "address_prefixes": [
                  "172.30.30.0/26"
                ],
                "default_outbound_access_enabled": true,
                "delegation": [],
                "id": "/subscriptions/7251a908-4032-4426-bff1-4201c5a4e690/resourceGroups/BOLDTAZ-PROD-EastUS2-RG-Data-Analytics/providers/Microsoft.Network/virtualNetworks/integrationruntime-for-vnet/subnets/pls-subnet",
                "name": "pls-subnet",
                "private_endpoint_network_policies": "Disabled",
                "private_link_service_network_policies_enabled": false,
                "route_table_id": "",
                "security_group": "",
                "service_endpoint_policy_ids": [],
                "service_endpoints": []
              },
              {
                "address_prefixes": [
                  "172.30.30.128/26"
                ],
                "default_outbound_access_enabled": true,
                "delegation": [],
                "id": "/subscriptions/7251a908-4032-4426-bff1-4201c5a4e690/resourceGroups/BOLDTAZ-PROD-EastUS2-RG-Data-Analytics/providers/Microsoft.Network/virtualNetworks/integrationruntime-for-vnet/subnets/backend-subnet",
                "name": "backend-subnet",
                "private_endpoint_network_policies": "Disabled",
                "private_link_service_network_policies_enabled": true,
                "route_table_id": "",
                "security_group": "",
                "service_endpoint_policy_ids": [],
                "service_endpoints": []
              },
              {
                "address_prefixes": [
                  "172.30.30.192/27"
                ],
                "default_outbound_access_enabled": false,
                "delegation": [],
                "id": "/subscriptions/7251a908-4032-4426-bff1-4201c5a4e690/resourceGroups/BOLDTAZ-PROD-EastUS2-RG-Data-Analytics/providers/Microsoft.Network/virtualNetworks/integrationruntime-for-vnet/subnets/GatewaySubnet",
                "name": "GatewaySubnet",
                "private_endpoint_network_policies": "Disabled",
                "private_link_service_network_policies_enabled": true,
                "route_table_id": "",
                "security_group": "",
                "service_endpoint_policy_ids": [],
                "service_endpoints": []
              },
              {
                "address_prefixes": [
                  "172.30.30.64/26"
                ],
                "default_outbound_access_enabled": true,
                "delegation": [],
                "id": "/subscriptions/7251a908-4032-4426-bff1-4201c5a4e690/resourceGroups/BOLDTAZ-PROD-EastUS2-RG-Data-Analytics/providers/Microsoft.Network/virtualNetworks/integrationruntime-for-vnet/subnets/frontend-subnet",
                "name": "frontend-subnet",
                "private_endpoint_network_policies": "Disabled",
                "private_link_service_network_policies_enabled": true,
                "route_table_id": "",
                "security_group": "",
                "service_endpoint_policy_ids": [],
                "service_endpoints": []
              }
            ],
            "tags": {},
            "timeouts": null
          },
          "sensitive_attributes": [],
          "private": "eyJlMmJmYjczMC1lY2FhLTExZTYtOGY4OC0zNDM2M2JjN2M0YzAiOnsiY3JlYXRlIjoxODAwMDAwMDAwMDAwLCJkZWxldGUiOjE4MDAwMDAwMDAwMDAsInJlYWQiOjMwMDAwMDAwMDAwMCwidXBkYXRlIjoxODAwMDAwMDAwMDAwfX0="
        }
      ]
    }
  ],
  "check_results": null
}
