{
  "version": 4,
  "terraform_version": "1.6.4",
  "serial": 294,
  "lineage": "11653583-82fc-696e-8a3a-85059760e298",
  "outputs": {},
  "resources": [
    {
      "mode": "data",
      "type": "azurerm_client_config",
      "name": "current",
      "provider": "provider[\"registry.terraform.io/hashicorp/azurerm\"]",
      "instances": [
        {
          "schema_version": 0,
          "attributes": {
            "client_id": "04b07795-8ddb-461a-bbee-02f9e1bf7b46",
            "id": "Y2xpZW50Q29uZmlncy9jbGllbnRJZD0wNGIwNzc5NS04ZGRiLTQ2MWEtYmJlZS0wMmY5ZTFiZjdiNDY7b2JqZWN0SWQ9MjYxNzVhNTEtMDFmZC00MTRhLWEzOWUtOWE4NGNiN2QxMTc2O3N1YnNjcmlwdGlvbklkPTcyNTFhOTA4LTQwMzItNDQyNi1iZmYxLTQyMDFjNWE0ZTY5MDt0ZW5hbnRJZD01OTEzMmZhMy02YWIwLTQ4OGEtYTFiNi1mOGY5Njg5M2QxYjc=",
            "object_id": "26175a51-01fd-414a-a39e-9a84cb7d1176",
            "subscription_id": "7251a908-4032-4426-bff1-4201c5a4e690",
            "tenant_id": "59132fa3-6ab0-488a-a1b6-f8f96893d1b7",
            "timeouts": null
          },
          "sensitive_attributes": []
        }
      ]
    },
    {
      "mode": "managed",
      "type": "azurerm_data_factory_linked_service_postgresql",
      "name": "aws_rds_development_bookmaker",
      "provider": "provider[\"registry.terraform.io/hashicorp/azurerm\"]",
      "instances": [
        {
          "schema_version": 0,
          "attributes": {
            "additional_properties": {},
            "annotations": [],
            "connection_string": "Hostname=aws-rds-bplaybet.aws.com;Port=5432;Database=bookmaker;Username=root;Password=pepe",
            "data_factory_id": "/subscriptions/7251a908-4032-4426-bff1-4201c5a4e690/resourceGroups/BOLDTAZ-PROD-EastUS2-RG-Data-Analytics/providers/Microsoft.DataFactory/factories/BOLDTAZ-PRD-EastUS2-DataFactory",
            "description": "",
            "id": "/subscriptions/7251a908-4032-4426-bff1-4201c5a4e690/resourceGroups/BOLDTAZ-PROD-EastUS2-RG-Data-Analytics/providers/Microsoft.DataFactory/factories/BOLDTAZ-PRD-EastUS2-DataFactory/linkedservices/aws_rds_development_bookmaker",
            "integration_runtime_name": "integrationRuntimeVNET",
            "name": "aws_rds_development_bookmaker",
            "parameters": {},
            "timeouts": null
          },
          "sensitive_attributes": [],
          "private": "eyJlMmJmYjczMC1lY2FhLTExZTYtOGY4OC0zNDM2M2JjN2M0YzAiOnsiY3JlYXRlIjoxODAwMDAwMDAwMDAwLCJkZWxldGUiOjE4MDAwMDAwMDAwMDAsInJlYWQiOjMwMDAwMDAwMDAwMCwidXBkYXRlIjoxODAwMDAwMDAwMDAwfX0="
        }
      ]
    },
    {
      "mode": "managed",
      "type": "azurerm_lb",
      "name": "azurerm_lb_integrationruntime",
      "provider": "provider[\"registry.terraform.io/hashicorp/azurerm\"]",
      "instances": [
        {
          "schema_version": 0,
          "attributes": {
            "edge_zone": "",
            "frontend_ip_configuration": [
              {
                "gateway_load_balancer_frontend_ip_configuration_id": "",
                "id": "/subscriptions/7251a908-4032-4426-bff1-4201c5a4e690/resourceGroups/BOLDTAZ-PROD-EastUS2-RG-Data-Analytics/providers/Microsoft.Network/loadBalancers/integrationruntime-vnet/frontendIPConfigurations/frontend",
                "inbound_nat_rules": [],
                "load_balancer_rules": [
                  "/subscriptions/7251a908-4032-4426-bff1-4201c5a4e690/resourceGroups/BOLDTAZ-PROD-EastUS2-RG-Data-Analytics/providers/Microsoft.Network/loadBalancers/integrationruntime-vnet/loadBalancingRules/rds-dev"
                ],
                "name": "frontend",
                "outbound_rules": [],
                "private_ip_address": "172.30.30.68",
                "private_ip_address_allocation": "Dynamic",
                "private_ip_address_version": "IPv4",
                "public_ip_address_id": "",
                "public_ip_prefix_id": "",
                "subnet_id": "/subscriptions/7251a908-4032-4426-bff1-4201c5a4e690/resourceGroups/BOLDTAZ-PROD-EastUS2-RG-Data-Analytics/providers/Microsoft.Network/virtualNetworks/integrationruntime-for-vnet/subnets/frontend-subnet",
                "zones": []
              }
            ],
            "id": "/subscriptions/7251a908-4032-4426-bff1-4201c5a4e690/resourceGroups/BOLDTAZ-PROD-EastUS2-RG-Data-Analytics/providers/Microsoft.Network/loadBalancers/integrationruntime-vnet",
            "location": "eastus2",
            "name": "integrationruntime-vnet",
            "private_ip_address": "172.30.30.68",
            "private_ip_addresses": [
              "172.30.30.68"
            ],
            "resource_group_name": "BOLDTAZ-PROD-EastUS2-RG-Data-Analytics",
            "sku": "Standard",
            "sku_tier": "Regional",
            "tags": {},
            "timeouts": null
          },
          "sensitive_attributes": [],
          "private": "eyJlMmJmYjczMC1lY2FhLTExZTYtOGY4OC0zNDM2M2JjN2M0YzAiOnsiY3JlYXRlIjoxODAwMDAwMDAwMDAwLCJkZWxldGUiOjE4MDAwMDAwMDAwMDAsInJlYWQiOjMwMDAwMDAwMDAwMCwidXBkYXRlIjoxODAwMDAwMDAwMDAwfX0=",
          "dependencies": [
            "azurerm_subnet.frontend_subnet",
            "azurerm_virtual_network.integrationruntime_vnet"
          ]
        }
      ]
    },
    {
      "mode": "managed",
      "type": "azurerm_lb_backend_address_pool",
      "name": "integrationruntime_backend",
      "provider": "provider[\"registry.terraform.io/hashicorp/azurerm\"]",
      "instances": [
        {
          "schema_version": 0,
          "attributes": {
            "backend_ip_configurations": [
              "/subscriptions/7251a908-4032-4426-bff1-4201c5a4e690/resourceGroups/BOLDTAZ-PROD-EastUS2-RG-Data-Analytics/providers/Microsoft.Network/networkInterfaces/on-backend-subnet612_z1/ipConfigurations/ipconfig1"
            ],
            "id": "/subscriptions/7251a908-4032-4426-bff1-4201c5a4e690/resourceGroups/BOLDTAZ-PROD-EastUS2-RG-Data-Analytics/providers/Microsoft.Network/loadBalancers/integrationruntime-vnet/backendAddressPools/backend",
            "inbound_nat_rules": [],
            "load_balancing_rules": [
              "/subscriptions/7251a908-4032-4426-bff1-4201c5a4e690/resourceGroups/BOLDTAZ-PROD-EastUS2-RG-Data-Analytics/providers/Microsoft.Network/loadBalancers/integrationruntime-vnet/loadBalancingRules/rds-dev"
            ],
            "loadbalancer_id": "/subscriptions/7251a908-4032-4426-bff1-4201c5a4e690/resourceGroups/BOLDTAZ-PROD-EastUS2-RG-Data-Analytics/providers/Microsoft.Network/loadBalancers/integrationruntime-vnet",
            "name": "backend",
            "outbound_rules": [],
            "synchronous_mode": "",
            "timeouts": null,
            "tunnel_interface": [],
            "virtual_network_id": ""
          },
          "sensitive_attributes": [],
          "private": "eyJlMmJmYjczMC1lY2FhLTExZTYtOGY4OC0zNDM2M2JjN2M0YzAiOnsiY3JlYXRlIjoxODAwMDAwMDAwMDAwLCJkZWxldGUiOjE4MDAwMDAwMDAwMDAsInJlYWQiOjMwMDAwMDAwMDAwMCwidXBkYXRlIjoxODAwMDAwMDAwMDAwfX0=",
          "dependencies": [
            "azurerm_lb.azurerm_lb_integrationruntime",
            "azurerm_subnet.frontend_subnet",
            "azurerm_virtual_network.integrationruntime_vnet"
          ]
        }
      ]
    },
    {
      "mode": "managed",
      "type": "azurerm_lb_probe",
      "name": "integrationruntime_probe",
      "provider": "provider[\"registry.terraform.io/hashicorp/azurerm\"]",
      "instances": [
        {
          "schema_version": 0,
          "attributes": {
            "id": "/subscriptions/7251a908-4032-4426-bff1-4201c5a4e690/resourceGroups/BOLDTAZ-PROD-EastUS2-RG-Data-Analytics/providers/Microsoft.Network/loadBalancers/integrationruntime-vnet/probes/health",
            "interval_in_seconds": 60,
            "load_balancer_rules": [
              "/subscriptions/7251a908-4032-4426-bff1-4201c5a4e690/resourceGroups/BOLDTAZ-PROD-EastUS2-RG-Data-Analytics/providers/Microsoft.Network/loadBalancers/integrationruntime-vnet/loadBalancingRules/rds-dev"
            ],
            "loadbalancer_id": "/subscriptions/7251a908-4032-4426-bff1-4201c5a4e690/resourceGroups/BOLDTAZ-PROD-EastUS2-RG-Data-Analytics/providers/Microsoft.Network/loadBalancers/integrationruntime-vnet",
            "name": "health",
            "number_of_probes": 1,
            "port": 22,
            "probe_threshold": 1,
            "protocol": "Tcp",
            "request_path": "",
            "timeouts": null
          },
          "sensitive_attributes": [],
          "private": "eyJlMmJmYjczMC1lY2FhLTExZTYtOGY4OC0zNDM2M2JjN2M0YzAiOnsiY3JlYXRlIjoxODAwMDAwMDAwMDAwLCJkZWxldGUiOjE4MDAwMDAwMDAwMDAsInJlYWQiOjMwMDAwMDAwMDAwMCwidXBkYXRlIjoxODAwMDAwMDAwMDAwfX0=",
          "dependencies": [
            "azurerm_lb.azurerm_lb_integrationruntime",
            "azurerm_subnet.frontend_subnet",
            "azurerm_virtual_network.integrationruntime_vnet"
          ]
        }
      ]
    },
    {
      "mode": "managed",
      "type": "azurerm_lb_rule",
      "name": "rds_dev_rule",
      "provider": "provider[\"registry.terraform.io/hashicorp/azurerm\"]",
      "instances": [
        {
          "schema_version": 0,
          "attributes": {
            "backend_address_pool_ids": [
              "/subscriptions/7251a908-4032-4426-bff1-4201c5a4e690/resourceGroups/BOLDTAZ-PROD-EastUS2-RG-Data-Analytics/providers/Microsoft.Network/loadBalancers/integrationruntime-vnet/backendAddressPools/backend"
            ],
            "backend_port": 0,
            "disable_outbound_snat": true,
            "enable_floating_ip": false,
            "enable_tcp_reset": false,
            "frontend_ip_configuration_id": "/subscriptions/7251a908-4032-4426-bff1-4201c5a4e690/resourceGroups/BOLDTAZ-PROD-EastUS2-RG-Data-Analytics/providers/Microsoft.Network/loadBalancers/integrationruntime-vnet/frontendIPConfigurations/frontend",
            "frontend_ip_configuration_name": "frontend",
            "frontend_port": 0,
            "id": "/subscriptions/7251a908-4032-4426-bff1-4201c5a4e690/resourceGroups/BOLDTAZ-PROD-EastUS2-RG-Data-Analytics/providers/Microsoft.Network/loadBalancers/integrationruntime-vnet/loadBalancingRules/rds-dev",
            "idle_timeout_in_minutes": 15,
            "load_distribution": "Default",
            "loadbalancer_id": "/subscriptions/7251a908-4032-4426-bff1-4201c5a4e690/resourceGroups/BOLDTAZ-PROD-EastUS2-RG-Data-Analytics/providers/Microsoft.Network/loadBalancers/integrationruntime-vnet",
            "name": "rds-dev",
            "probe_id": "/subscriptions/7251a908-4032-4426-bff1-4201c5a4e690/resourceGroups/BOLDTAZ-PROD-EastUS2-RG-Data-Analytics/providers/Microsoft.Network/loadBalancers/integrationruntime-vnet/probes/health",
            "protocol": "All",
            "timeouts": null
          },
          "sensitive_attributes": [],
          "private": "eyJlMmJmYjczMC1lY2FhLTExZTYtOGY4OC0zNDM2M2JjN2M0YzAiOnsiY3JlYXRlIjoxODAwMDAwMDAwMDAwLCJkZWxldGUiOjE4MDAwMDAwMDAwMDAsInJlYWQiOjMwMDAwMDAwMDAwMCwidXBkYXRlIjoxODAwMDAwMDAwMDAwfX0=",
          "dependencies": [
            "azurerm_lb.azurerm_lb_integrationruntime",
            "azurerm_lb_backend_address_pool.integrationruntime_backend",
            "azurerm_lb_probe.integrationruntime_probe",
            "azurerm_subnet.frontend_subnet",
            "azurerm_virtual_network.integrationruntime_vnet"
          ]
        }
      ]
    },
    {
      "mode": "managed",
      "type": "azurerm_linux_virtual_machine",
      "name": "integrationruntime_backend_vm",
      "provider": "provider[\"registry.terraform.io/hashicorp/azurerm\"]",
      "instances": [
        {
          "schema_version": 0,
          "attributes": {
            "additional_capabilities": [],
            "admin_password": "Tecnalis1234$",
            "admin_ssh_key": [],
            "admin_username": "ubuntu",
            "allow_extension_operations": true,
            "availability_set_id": "",
            "boot_diagnostics": [],
            "bypass_platform_safety_checks_on_user_schedule_enabled": false,
            "capacity_reservation_group_id": "",
            "computer_name": "integrationruntime-backend",
            "custom_data": "IyEvYmluL2Jhc2gKIyBVc2VyIERhdGEgc2NyaXB0CgojIENyZWFyIGVsIGFyY2hpdm8gaXBfZndkLnNoIGVuIGVsIGRpcmVjdG9yaW8gL3Jvb3QvIGNvbiBlbCBjb250ZW5pZG8gZXNwZWNpZmljYWRvCmNhdCA8PCdFT0YnID4gL3Jvb3QvaXBfZndkLnNoCiMhL2Jpbi9iYXNoCgojLS0tLS0tLS0tLS0tLS0tLS0tLS0tLS0tLS0tLS0tLS0tLS0tLS0tLS0tLS0tLS0tLS0tLS0tLS0tLS0tLS0tLS0tLS0tLS0tLQojIENvcHlyaWdodCAoYykgTWljcm9zb2Z0IENvcnBvcmF0aW9uLiBBbGwgcmlnaHRzIHJlc2VydmVkLgojIExpY2Vuc2VkIHVuZGVyIHRoZSBNSVQgTGljZW5zZS4gCiMtLS0tLS0tLS0tLS0tLS0tLS0tLS0tLS0tLS0tLS0tLS0tLS0tLS0tLS0tLS0tLS0tLS0tLS0tLS0tLS0tLS0tLS0tLS0tLS0tLQoKdXNhZ2UoKSB7CgllY2hvIC1lICJcZVszM20iCgllY2hvICJ1c2FnZTogJHswfSBbLWkgPGV0aF9pbnRlcmZhY2U+XSBbLWYgPGZyb250ZW5kX3BvcnQ+XSBbLWEgPGRlc3RfaXBfYWRkcj5dIFstYiA8ZGVzdF9wb3J0Pl0iIDE+JjIKCWVjaG8gIndoZXJlOiIgMT4mMgoJZWNobyAiPGV0aF9pbnRlcmZhY2U+OiBJbnRlcmZhY2Ugb24gd2hpY2ggcGFja2V0IHdpbGwgYXJyaXZlIGFuZCBiZSBmb3J3YXJkZWQiIDE+JjIKCWVjaG8gIjxmcm9udGVuZF9wb3J0PjogRnJvbnRlbmQgcG9ydCBvbiB3aGljaCBwYWNrZXQgYXJyaXZlcyIgMT4mMgoJZWNobyAiPGRlc3RfcG9ydD4gICAgOiBEZXN0aW5hdGlvbiBwb3J0IHRvIHdoaWNoIHBhY2tldCBpcyBmb3J3YXJkZWQiIDE+JjIKCWVjaG8gIjxkZXN0X2lwX2FkZHI+IDogRGVzdGluYXRpb24gSVAgd2hpY2ggcGFja2V0IGlzIGZvcndhcmRlZCIgMT4mMgoJZWNobyAtZSAiXGVbMG0iCn0KCmlmIFtbICQjIC1lcSAwIF1dOyB0aGVuCgllY2hvIC1lICJcZVszMW1FUlJPUjogbm8gb3B0aW9ucyBnaXZlblxlWzBtIgoJdXNhZ2UKCWV4aXQgMQpmaQp3aGlsZSBnZXRvcHRzICdpOmY6YTpiOicgT1BUUzsgZG8KCWNhc2UgIiR7T1BUU30iIGluCgkJaSkKCQkJZWNobyAtZSAiXGVbMzJtVXNpbmcgZXRoZXJuZXQgaW50ZXJmYWNlICR7T1BUQVJHfVxlWzBtIgoJCQlFVEhfSUY9JHtPUFRBUkd9CgkJCTs7CgkJZikKCQkJZWNobyAtZSAiXGVbMzJtRnJvbnRlbmQgcG9ydCBpcyAke09QVEFSR31cZVswbSIKCQkJRkVfUE9SVD0ke09QVEFSR30KCQkJOzsKCQlhKQoJCQllY2hvIC1lICJcZVszMm1EZXN0aW5hdGlvbiBJUCBBZGRyZXNzIGlzICR7T1BUQVJHfVxlWzBtIgoJCQlERVNUX0hPU1Q9JHtPUFRBUkd9CgkJCTs7CgkJYikKCQkJZWNobyAtZSAiXGVbMzJtRGVzdGluYXRpb24gUG9ydCBpcyAke09QVEFSR31cZVswbSIKCQkJREVTVF9QT1JUPSR7T1BUQVJHfQoJCQk7OwoJCSopCgkJCXVzYWdlCgkJCWV4aXQgMQoJCQk7OwoJZXNhYwpkb25lCgppZiBbIC16ICR7RVRIX0lGfSBdOyB0aGVuCgllY2hvIC1lICJcZVszMW1FUlJPUjogZXRoZXJuZXQgaW50ZXJmYWNlIG5vdCBzcGVjaWZpZWQhISFcZVswbSIKCXVzYWdlCglleGl0IDEKZmkKaWYgWyAteiAke0ZFX1BPUlR9IF07IHRoZW4KCWVjaG8gLWUgIlxlWzMxbUVSUk9SOiBmcm9udGVuZCBwb3J0IG5vdCBzcGVjaWZpZWQhISFcZVswbSIKCXVzYWdlCglleGl0IDEKZmkKaWYgWyAteiAke0RFU1RfSE9TVH0gXTsgdGhlbgoJZWNobyAtZSAiXGVbMzFtRVJST1I6IGRlc3RpbmF0aW9uIElQIG5vdCBzcGVjaWZpZWQhISFcZVswbSIKCXVzYWdlCglleGl0IDEKZmkKaWYgWyAteiAke0RFU1RfUE9SVH0gXTsgdGhlbgoJZWNobyAtZSAiXGVbMzFtRVJST1I6IGRlc3RpbmF0aW9uIHBvcnQgbm90IHNwZWNpZmllZCEhIVxlWzBtIgoJdXNhZ2UKCWV4aXQgMQpmaQoKIzEuIE1ha2Ugc3VyZSB5b3UncmUgcm9vdAplY2hvIC1lICJcZVszMm1DaGVja2luZyB3aGV0aGVyIHdlJ3JlIHJvb3QuLi5cZVswbSIKaWYgWyAteiAke1VJRH0gXTsgdGhlbgoJVUlEPSQoaWQgLXUpCmZpCmlmIFsgIiR7VUlEfSIgIT0gIjAiIF07IHRoZW4KCWVjaG8gLWUgIlxlWzMxbUVSUk9SOiB1c2VyIG11c3QgYmUgcm9vdFxlWzBtIgoJZXhpdCAxCmZpCgojMi4gTWFrZSBzdXJlIElQIEZvcndhcmRpbmcgaXMgZW5hYmxlZCBpbiB0aGUga2VybmVsCmVjaG8gLWUgIlxlWzMybUVuYWJsaW5nIElQIGZvcndhcmRpbmcuLi5cZVswbSIKZWNobyAiMSIgPiAvcHJvYy9zeXMvbmV0L2lwdjQvaXBfZm9yd2FyZAoKIzMuIENoZWNrIGlmIElQIG9yIGhvc3RuYW1lIGlzIHNwZWNpZmllZCBmb3IgZGVzdGluYXRpb24gSVAKaWYgW1sgJHtERVNUX0hPU1R9ID1+IF5bMC05XStcLlswLTldK1wuWzAtOV0rXC5bMC05XSskIF1dOyB0aGVuCglERVNUX0lQPSR7REVTVF9IT1NUfQplbHNlCglERVNUX0lQPSQoaG9zdCAke0RFU1RfSE9TVH0gfCBncmVwICJoYXMgYWRkcmVzcyIgfCBhd2sgJ3twcmludCAkTkZ9JykKZmkKZWNobyAtZSAiXGVbMzJtVXNpbmcgRGVzdGluYXRpb24gSVAgJHtERVNUX0lQfVxlWzBtIgoKIzQuIEdldCBsb2NhbCBJUApMT0NBTF9JUD0kKGlwIGFkZHIgbHMgJHtFVEhfSUZ9IHwgZ3JlcCAtdyBpbmV0IHwgYXdrICd7cHJpbnQgJDJ9JyB8IGF3ayAtRi8gJ3twcmludCAkMX0nKQplY2hvIC1lICJcZVszMm1Vc2luZyBMb2NhbCBJUCAke0xPQ0FMX0lQfVxlWzBtIgoKIzQuIERvIEROQVQKZWNobyAtZSAiXGVbMzJtQ3JlYXRpbmcgRE5BVCBydWxlIGZyb20gJHtMT0NBTF9JUH06JHtGRV9QT1JUfSB0byAke0RFU1RfSVB9OiR7REVTVF9QT1JUfS4uLlxlWzBtIgppcHRhYmxlcyAtdCBuYXQgLUEgUFJFUk9VVElORyAtcCB0Y3AgLWkgJHtFVEhfSUZ9IC0tZHBvcnQgJHtGRV9QT1JUfSAtaiBETkFUIC0tdG8gJHtERVNUX0lQfToke0RFU1RfUE9SVH0KCiM0LiBEbyBTTkFUCmVjaG8gLWUgIlxlWzMybUNyZWF0aW5nIFNOQVQgcnVsZSBmcm9tICR7REVTVF9JUH06JHtERVNUX1BPUlR9IHRvICR7TE9DQUxfSVB9OiR7RkVfUE9SVH0uLi5cZVswbSIKaXB0YWJsZXMgLXQgbmF0IC1BIFBPU1RST1VUSU5HIC1vICR7RVRIX0lGfSAtaiBNQVNRVUVSQURFCmVjaG8gLWUgIlxlWzMybURvbmUhXGVbMG0iCkVPRgoKIyBIYWNlciBlamVjdXRhYmxlIGVsIGFyY2hpdm8KY2htb2QgK3ggL3Jvb3QvaXBfZndkLnNoCgojIEVqZWN1dGFyIGVsIHNjcmlwdCBjb24gbG9zIHBhcsOhbWV0cm9zIHByb3BvcmNpb25hZG9zCi9yb290L2lwX2Z3ZC5zaCAtaSBldGgwIC1mIDU0MzIgLWEgMTcyLjMwLjM1LjEwIC1iIDU0MzIK",
            "dedicated_host_group_id": "",
            "dedicated_host_id": "",
            "disable_password_authentication": false,
            "disk_controller_type": "SCSI",
            "edge_zone": "",
            "encryption_at_host_enabled": false,
            "eviction_policy": "",
            "extensions_time_budget": "PT1H30M",
            "gallery_application": [],
            "id": "/subscriptions/7251a908-4032-4426-bff1-4201c5a4e690/resourceGroups/BOLDTAZ-PROD-EastUS2-RG-Data-Analytics/providers/Microsoft.Compute/virtualMachines/integrationruntime-backend",
            "identity": [],
            "license_type": "",
            "location": "eastus2",
            "max_bid_price": -1,
            "name": "integrationruntime-backend",
            "network_interface_ids": [
              "/subscriptions/7251a908-4032-4426-bff1-4201c5a4e690/resourceGroups/BOLDTAZ-PROD-EastUS2-RG-Data-Analytics/providers/Microsoft.Network/networkInterfaces/integrationruntime-backend-nic"
            ],
            "os_disk": [
              {
                "caching": "ReadWrite",
                "diff_disk_settings": [],
                "disk_encryption_set_id": "",
                "disk_size_gb": 30,
                "name": "integrationruntime-backend_disk1_d57e7643d90a4ebe8683ab40b905fef6",
                "secure_vm_disk_encryption_set_id": "",
                "security_encryption_type": "",
                "storage_account_type": "Standard_LRS",
                "write_accelerator_enabled": false
              }
            ],
            "os_image_notification": [],
            "patch_assessment_mode": "ImageDefault",
            "patch_mode": "ImageDefault",
            "plan": [],
            "platform_fault_domain": -1,
            "priority": "Regular",
            "private_ip_address": "172.30.30.132",
            "private_ip_addresses": [
              "172.30.30.132"
            ],
            "provision_vm_agent": true,
            "proximity_placement_group_id": "",
            "public_ip_address": "",
            "public_ip_addresses": [],
            "reboot_setting": "",
            "resource_group_name": "BOLDTAZ-PROD-EastUS2-RG-Data-Analytics",
            "secret": [],
            "secure_boot_enabled": false,
            "size": "Standard_B2s",
            "source_image_id": "",
            "source_image_reference": [
              {
                "offer": "0001-com-ubuntu-server-jammy",
                "publisher": "Canonical",
                "sku": "22_04-lts-gen2",
                "version": "22.04.202408300"
              }
            ],
            "tags": {},
            "termination_notification": [],
            "timeouts": null,
            "user_data": "",
            "virtual_machine_id": "48a905c4-a54b-4c87-9638-1e4a5c5bbe77",
            "virtual_machine_scale_set_id": "",
            "vm_agent_platform_updates_enabled": false,
            "vtpm_enabled": false,
            "zone": ""
          },
          "sensitive_attributes": [],
          "private": "eyJlMmJmYjczMC1lY2FhLTExZTYtOGY4OC0zNDM2M2JjN2M0YzAiOnsiY3JlYXRlIjoyNzAwMDAwMDAwMDAwLCJkZWxldGUiOjI3MDAwMDAwMDAwMDAsInJlYWQiOjMwMDAwMDAwMDAwMCwidXBkYXRlIjoyNzAwMDAwMDAwMDAwfX0=",
          "dependencies": [
            "azurerm_network_interface.integrationruntime_backend_nic",
            "azurerm_subnet.backend_subnet",
            "azurerm_virtual_network.integrationruntime_vnet"
          ]
        }
      ]
    },
    {
      "mode": "managed",
      "type": "azurerm_network_interface",
      "name": "integrationruntime_backend_nic",
      "provider": "provider[\"registry.terraform.io/hashicorp/azurerm\"]",
      "instances": [
        {
          "schema_version": 0,
          "attributes": {
            "accelerated_networking_enabled": false,
            "applied_dns_servers": [],
            "auxiliary_mode": "",
            "auxiliary_sku": "",
            "dns_servers": [],
            "edge_zone": "",
            "id": "/subscriptions/7251a908-4032-4426-bff1-4201c5a4e690/resourceGroups/BOLDTAZ-PROD-EastUS2-RG-Data-Analytics/providers/Microsoft.Network/networkInterfaces/integrationruntime-backend-nic",
            "internal_dns_name_label": "",
            "internal_domain_name_suffix": "esf0nsib31zuvfxaje0gejdizc.cx.internal.cloudapp.net",
            "ip_configuration": [
              {
                "gateway_load_balancer_frontend_ip_configuration_id": "",
                "name": "internal",
                "primary": true,
                "private_ip_address": "172.30.30.132",
                "private_ip_address_allocation": "Dynamic",
                "private_ip_address_version": "IPv4",
                "public_ip_address_id": "",
                "subnet_id": "/subscriptions/7251a908-4032-4426-bff1-4201c5a4e690/resourceGroups/BOLDTAZ-PROD-EastUS2-RG-Data-Analytics/providers/Microsoft.Network/virtualNetworks/integrationruntime-for-vnet/subnets/backend-subnet"
              }
            ],
            "ip_forwarding_enabled": false,
            "location": "eastus2",
            "mac_address": "00-22-48-51-3A-51",
            "name": "integrationruntime-backend-nic",
            "private_ip_address": "172.30.30.132",
            "private_ip_addresses": [
              "172.30.30.132"
            ],
            "resource_group_name": "BOLDTAZ-PROD-EastUS2-RG-Data-Analytics",
            "tags": {},
            "timeouts": null,
            "virtual_machine_id": "/subscriptions/7251a908-4032-4426-bff1-4201c5a4e690/resourceGroups/BOLDTAZ-PROD-EASTUS2-RG-DATA-ANALYTICS/providers/Microsoft.Compute/virtualMachines/integrationruntime-backend"
          },
          "sensitive_attributes": [],
          "private": "eyJlMmJmYjczMC1lY2FhLTExZTYtOGY4OC0zNDM2M2JjN2M0YzAiOnsiY3JlYXRlIjoxODAwMDAwMDAwMDAwLCJkZWxldGUiOjE4MDAwMDAwMDAwMDAsInJlYWQiOjMwMDAwMDAwMDAwMCwidXBkYXRlIjoxODAwMDAwMDAwMDAwfX0=",
          "dependencies": [
            "azurerm_subnet.backend_subnet",
            "azurerm_virtual_network.integrationruntime_vnet"
          ]
        }
      ]
    },
    {
      "mode": "managed",
      "type": "azurerm_network_interface_backend_address_pool_association",
      "name": "backend",
      "provider": "provider[\"registry.terraform.io/hashicorp/azurerm\"]",
      "instances": [
        {
          "schema_version": 0,
          "attributes": {
            "backend_address_pool_id": "/subscriptions/7251a908-4032-4426-bff1-4201c5a4e690/resourceGroups/BOLDTAZ-PROD-EastUS2-RG-Data-Analytics/providers/Microsoft.Network/loadBalancers/integrationruntime-vnet/backendAddressPools/backend",
            "id": "/subscriptions/7251a908-4032-4426-bff1-4201c5a4e690/resourceGroups/BOLDTAZ-PROD-EastUS2-RG-Data-Analytics/providers/Microsoft.Network/networkInterfaces/on-backend-subnet612_z1/ipConfigurations/ipconfig1|/subscriptions/7251a908-4032-4426-bff1-4201c5a4e690/resourceGroups/BOLDTAZ-PROD-EastUS2-RG-Data-Analytics/providers/Microsoft.Network/loadBalancers/integrationruntime-vnet/backendAddressPools/backend",
            "ip_configuration_name": "ipconfig1",
            "network_interface_id": "/subscriptions/7251a908-4032-4426-bff1-4201c5a4e690/resourceGroups/BOLDTAZ-PROD-EastUS2-RG-Data-Analytics/providers/Microsoft.Network/networkInterfaces/on-backend-subnet612_z1",
            "timeouts": null
          },
          "sensitive_attributes": [],
          "private": "eyJlMmJmYjczMC1lY2FhLTExZTYtOGY4OC0zNDM2M2JjN2M0YzAiOnsiY3JlYXRlIjoxODAwMDAwMDAwMDAwLCJkZWxldGUiOjE4MDAwMDAwMDAwMDAsInJlYWQiOjMwMDAwMDAwMDAwMH19",
          "dependencies": [
            "azurerm_lb.azurerm_lb_integrationruntime",
            "azurerm_lb_backend_address_pool.integrationruntime_backend",
            "azurerm_subnet.frontend_subnet",
            "azurerm_virtual_network.integrationruntime_vnet"
          ]
        }
      ]
    },
    {
      "mode": "managed",
      "type": "azurerm_private_link_service",
      "name": "psl",
      "provider": "provider[\"registry.terraform.io/hashicorp/azurerm\"]",
      "instances": [
        {
          "schema_version": 0,
          "attributes": {
            "alias": "psl.5b3f5af8-bb48-4af2-a754-02b7dab9dbe3.eastus2.azure.privatelinkservice",
            "auto_approval_subscription_ids": [],
            "enable_proxy_protocol": false,
            "fqdns": [],
            "id": "/subscriptions/7251a908-4032-4426-bff1-4201c5a4e690/resourceGroups/BOLDTAZ-PROD-EastUS2-RG-Data-Analytics/providers/Microsoft.Network/privateLinkServices/psl",
            "load_balancer_frontend_ip_configuration_ids": [
              "/subscriptions/7251a908-4032-4426-bff1-4201c5a4e690/resourceGroups/BOLDTAZ-PROD-EastUS2-RG-Data-Analytics/providers/Microsoft.Network/loadBalancers/integrationruntime-vnet/frontendIPConfigurations/frontend"
            ],
            "location": "eastus2",
            "name": "psl",
            "nat_ip_configuration": [
              {
                "name": "nat-ip-config",
                "primary": true,
                "private_ip_address": "",
                "private_ip_address_version": "IPv4",
                "subnet_id": "/subscriptions/7251a908-4032-4426-bff1-4201c5a4e690/resourceGroups/BOLDTAZ-PROD-EastUS2-RG-Data-Analytics/providers/Microsoft.Network/virtualNetworks/integrationruntime-for-vnet/subnets/pls-subnet"
              }
            ],
            "resource_group_name": "BOLDTAZ-PROD-EastUS2-RG-Data-Analytics",
            "tags": {},
            "timeouts": null,
            "visibility_subscription_ids": []
          },
          "sensitive_attributes": [],
          "private": "eyJlMmJmYjczMC1lY2FhLTExZTYtOGY4OC0zNDM2M2JjN2M0YzAiOnsiY3JlYXRlIjozNjAwMDAwMDAwMDAwLCJkZWxldGUiOjM2MDAwMDAwMDAwMDAsInJlYWQiOjMwMDAwMDAwMDAwMCwidXBkYXRlIjozNjAwMDAwMDAwMDAwfX0=",
          "dependencies": [
            "azurerm_lb.azurerm_lb_integrationruntime",
            "azurerm_subnet.frontend_subnet",
            "azurerm_subnet.pls_subnet",
            "azurerm_virtual_network.integrationruntime_vnet"
          ]
        }
      ]
    },
    {
      "mode": "managed",
      "type": "azurerm_subnet",
      "name": "backend_subnet",
      "provider": "provider[\"registry.terraform.io/hashicorp/azurerm\"]",
      "instances": [
        {
          "schema_version": 0,
          "attributes": {
            "address_prefixes": [
              "172.30.30.128/26"
            ],
            "default_outbound_access_enabled": true,
            "delegation": [],
            "id": "/subscriptions/7251a908-4032-4426-bff1-4201c5a4e690/resourceGroups/BOLDTAZ-PROD-EastUS2-RG-Data-Analytics/providers/Microsoft.Network/virtualNetworks/integrationruntime-for-vnet/subnets/backend-subnet",
            "name": "backend-subnet",
            "private_endpoint_network_policies": "Disabled",
            "private_link_service_network_policies_enabled": true,
            "resource_group_name": "BOLDTAZ-PROD-EastUS2-RG-Data-Analytics",
            "service_endpoint_policy_ids": [],
            "service_endpoints": [],
            "timeouts": null,
            "virtual_network_name": "integrationruntime-for-vnet"
          },
          "sensitive_attributes": [],
          "private": "eyJlMmJmYjczMC1lY2FhLTExZTYtOGY4OC0zNDM2M2JjN2M0YzAiOnsiY3JlYXRlIjoxODAwMDAwMDAwMDAwLCJkZWxldGUiOjE4MDAwMDAwMDAwMDAsInJlYWQiOjMwMDAwMDAwMDAwMCwidXBkYXRlIjoxODAwMDAwMDAwMDAwfX0=",
          "dependencies": [
            "azurerm_virtual_network.integrationruntime_vnet"
          ]
        }
      ]
    },
    {
      "mode": "managed",
      "type": "azurerm_subnet",
      "name": "frontend_subnet",
      "provider": "provider[\"registry.terraform.io/hashicorp/azurerm\"]",
      "instances": [
        {
          "schema_version": 0,
          "attributes": {
            "address_prefixes": [
              "172.30.30.64/26"
            ],
            "default_outbound_access_enabled": true,
            "delegation": [],
            "id": "/subscriptions/7251a908-4032-4426-bff1-4201c5a4e690/resourceGroups/BOLDTAZ-PROD-EastUS2-RG-Data-Analytics/providers/Microsoft.Network/virtualNetworks/integrationruntime-for-vnet/subnets/frontend-subnet",
            "name": "frontend-subnet",
            "private_endpoint_network_policies": "Disabled",
            "private_link_service_network_policies_enabled": true,
            "resource_group_name": "BOLDTAZ-PROD-EastUS2-RG-Data-Analytics",
            "service_endpoint_policy_ids": [],
            "service_endpoints": [],
            "timeouts": null,
            "virtual_network_name": "integrationruntime-for-vnet"
          },
          "sensitive_attributes": [],
          "private": "eyJlMmJmYjczMC1lY2FhLTExZTYtOGY4OC0zNDM2M2JjN2M0YzAiOnsiY3JlYXRlIjoxODAwMDAwMDAwMDAwLCJkZWxldGUiOjE4MDAwMDAwMDAwMDAsInJlYWQiOjMwMDAwMDAwMDAwMCwidXBkYXRlIjoxODAwMDAwMDAwMDAwfX0=",
          "dependencies": [
            "azurerm_virtual_network.integrationruntime_vnet"
          ]
        }
      ]
    },
    {
      "mode": "managed",
      "type": "azurerm_subnet",
      "name": "pls_subnet",
      "provider": "provider[\"registry.terraform.io/hashicorp/azurerm\"]",
      "instances": [
        {
          "schema_version": 0,
          "attributes": {
            "address_prefixes": [
              "172.30.30.0/26"
            ],
            "default_outbound_access_enabled": true,
            "delegation": [],
            "id": "/subscriptions/7251a908-4032-4426-bff1-4201c5a4e690/resourceGroups/BOLDTAZ-PROD-EastUS2-RG-Data-Analytics/providers/Microsoft.Network/virtualNetworks/integrationruntime-for-vnet/subnets/pls-subnet",
            "name": "pls-subnet",
            "private_endpoint_network_policies": "Disabled",
            "private_link_service_network_policies_enabled": false,
            "resource_group_name": "BOLDTAZ-PROD-EastUS2-RG-Data-Analytics",
            "service_endpoint_policy_ids": [],
            "service_endpoints": [],
            "timeouts": null,
            "virtual_network_name": "integrationruntime-for-vnet"
          },
          "sensitive_attributes": [],
          "private": "eyJlMmJmYjczMC1lY2FhLTExZTYtOGY4OC0zNDM2M2JjN2M0YzAiOnsiY3JlYXRlIjoxODAwMDAwMDAwMDAwLCJkZWxldGUiOjE4MDAwMDAwMDAwMDAsInJlYWQiOjMwMDAwMDAwMDAwMCwidXBkYXRlIjoxODAwMDAwMDAwMDAwfX0=",
          "dependencies": [
            "azurerm_virtual_network.integrationruntime_vnet"
          ]
        }
      ]
    },
    {
      "mode": "managed",
      "type": "azurerm_virtual_network",
      "name": "integrationruntime_vnet",
      "provider": "provider[\"registry.terraform.io/hashicorp/azurerm\"]",
      "instances": [
        {
          "schema_version": 0,
          "attributes": {
            "address_space": [
              "172.30.30.0/24"
            ],
            "bgp_community": "",
            "ddos_protection_plan": [],
            "dns_servers": [],
            "edge_zone": "",
            "encryption": [],
            "flow_timeout_in_minutes": 0,
            "guid": "c9a68b24-ee01-4af3-96e0-4934622468ca",
            "id": "/subscriptions/7251a908-4032-4426-bff1-4201c5a4e690/resourceGroups/BOLDTAZ-PROD-EastUS2-RG-Data-Analytics/providers/Microsoft.Network/virtualNetworks/integrationruntime-for-vnet",
            "location": "eastus2",
            "name": "integrationruntime-for-vnet",
            "resource_group_name": "BOLDTAZ-PROD-EastUS2-RG-Data-Analytics",
            "subnet": [
              {
                "address_prefixes": [
                  "172.30.30.0/26"
                ],
                "default_outbound_access_enabled": true,
                "delegation": [],
                "id": "/subscriptions/7251a908-4032-4426-bff1-4201c5a4e690/resourceGroups/BOLDTAZ-PROD-EastUS2-RG-Data-Analytics/providers/Microsoft.Network/virtualNetworks/integrationruntime-for-vnet/subnets/pls-subnet",
                "name": "pls-subnet",
                "private_endpoint_network_policies": "Disabled",
                "private_link_service_network_policies_enabled": false,
                "route_table_id": "",
                "security_group": "",
                "service_endpoint_policy_ids": [],
                "service_endpoints": []
              },
              {
                "address_prefixes": [
                  "172.30.30.128/26"
                ],
                "default_outbound_access_enabled": true,
                "delegation": [],
                "id": "/subscriptions/7251a908-4032-4426-bff1-4201c5a4e690/resourceGroups/BOLDTAZ-PROD-EastUS2-RG-Data-Analytics/providers/Microsoft.Network/virtualNetworks/integrationruntime-for-vnet/subnets/backend-subnet",
                "name": "backend-subnet",
                "private_endpoint_network_policies": "Disabled",
                "private_link_service_network_policies_enabled": true,
                "route_table_id": "",
                "security_group": "",
                "service_endpoint_policy_ids": [],
                "service_endpoints": []
              },
              {
                "address_prefixes": [
                  "172.30.30.64/26"
                ],
                "default_outbound_access_enabled": true,
                "delegation": [],
                "id": "/subscriptions/7251a908-4032-4426-bff1-4201c5a4e690/resourceGroups/BOLDTAZ-PROD-EastUS2-RG-Data-Analytics/providers/Microsoft.Network/virtualNetworks/integrationruntime-for-vnet/subnets/frontend-subnet",
                "name": "frontend-subnet",
                "private_endpoint_network_policies": "Disabled",
                "private_link_service_network_policies_enabled": true,
                "route_table_id": "",
                "security_group": "",
                "service_endpoint_policy_ids": [],
                "service_endpoints": []
              }
            ],
            "tags": {},
            "timeouts": null
          },
          "sensitive_attributes": [],
          "private": "eyJlMmJmYjczMC1lY2FhLTExZTYtOGY4OC0zNDM2M2JjN2M0YzAiOnsiY3JlYXRlIjoxODAwMDAwMDAwMDAwLCJkZWxldGUiOjE4MDAwMDAwMDAwMDAsInJlYWQiOjMwMDAwMDAwMDAwMCwidXBkYXRlIjoxODAwMDAwMDAwMDAwfX0="
        }
      ]
    }
  ],
  "check_results": null
}
