{
  "version": 4,
  "terraform_version": "1.9.5",
  "serial": 324,
  "lineage": "11653583-82fc-696e-8a3a-85059760e298",
  "outputs": {},
  "resources": [
    {
      "mode": "data",
      "type": "azurerm_client_config",
      "name": "current",
      "provider": "provider[\"registry.terraform.io/hashicorp/azurerm\"]",
      "instances": [
        {
          "schema_version": 0,
          "attributes": {
            "client_id": "04b07795-8ddb-461a-bbee-02f9e1bf7b46",
            "id": "Y2xpZW50Q29uZmlncy9jbGllbnRJZD0wNGIwNzc5NS04ZGRiLTQ2MWEtYmJlZS0wMmY5ZTFiZjdiNDY7b2JqZWN0SWQ9MjYxNzVhNTEtMDFmZC00MTRhLWEzOWUtOWE4NGNiN2QxMTc2O3N1YnNjcmlwdGlvbklkPTcyNTFhOTA4LTQwMzItNDQyNi1iZmYxLTQyMDFjNWE0ZTY5MDt0ZW5hbnRJZD01OTEzMmZhMy02YWIwLTQ4OGEtYTFiNi1mOGY5Njg5M2QxYjc=",
            "object_id": "26175a51-01fd-414a-a39e-9a84cb7d1176",
            "subscription_id": "7251a908-4032-4426-bff1-4201c5a4e690",
            "tenant_id": "59132fa3-6ab0-488a-a1b6-f8f96893d1b7",
            "timeouts": null
          },
          "sensitive_attributes": []
        }
      ]
    },
    {
      "mode": "managed",
      "type": "azurerm_lb",
      "name": "azurerm_lb_integrationruntime",
      "provider": "provider[\"registry.terraform.io/hashicorp/azurerm\"]",
      "instances": [
        {
          "schema_version": 0,
          "attributes": {
            "edge_zone": "",
            "frontend_ip_configuration": [
              {
                "gateway_load_balancer_frontend_ip_configuration_id": "",
                "id": "/subscriptions/7251a908-4032-4426-bff1-4201c5a4e690/resourceGroups/BOLDTAZ-PROD-EastUS2-RG-Data-Analytics/providers/Microsoft.Network/loadBalancers/integrationruntime-vnet/frontendIPConfigurations/frontend",
                "inbound_nat_rules": [],
                "load_balancer_rules": [
                  "/subscriptions/7251a908-4032-4426-bff1-4201c5a4e690/resourceGroups/BOLDTAZ-PROD-EastUS2-RG-Data-Analytics/providers/Microsoft.Network/loadBalancers/integrationruntime-vnet/loadBalancingRules/rds-dev"
                ],
                "name": "frontend",
                "outbound_rules": [],
                "private_ip_address": "172.30.30.68",
                "private_ip_address_allocation": "Dynamic",
                "private_ip_address_version": "IPv4",
                "public_ip_address_id": "",
                "public_ip_prefix_id": "",
                "subnet_id": "/subscriptions/7251a908-4032-4426-bff1-4201c5a4e690/resourceGroups/BOLDTAZ-PROD-EastUS2-RG-Data-Analytics/providers/Microsoft.Network/virtualNetworks/integrationruntime-for-vnet/subnets/frontend-subnet",
                "zones": []
              }
            ],
            "id": "/subscriptions/7251a908-4032-4426-bff1-4201c5a4e690/resourceGroups/BOLDTAZ-PROD-EastUS2-RG-Data-Analytics/providers/Microsoft.Network/loadBalancers/integrationruntime-vnet",
            "location": "eastus2",
            "name": "integrationruntime-vnet",
            "private_ip_address": "172.30.30.68",
            "private_ip_addresses": [
              "172.30.30.68"
            ],
            "resource_group_name": "BOLDTAZ-PROD-EastUS2-RG-Data-Analytics",
            "sku": "Standard",
            "sku_tier": "Regional",
            "tags": {},
            "timeouts": null
          },
          "sensitive_attributes": [],
          "private": "eyJlMmJmYjczMC1lY2FhLTExZTYtOGY4OC0zNDM2M2JjN2M0YzAiOnsiY3JlYXRlIjoxODAwMDAwMDAwMDAwLCJkZWxldGUiOjE4MDAwMDAwMDAwMDAsInJlYWQiOjMwMDAwMDAwMDAwMCwidXBkYXRlIjoxODAwMDAwMDAwMDAwfX0=",
          "dependencies": [
            "azurerm_subnet.frontend_subnet",
            "azurerm_virtual_network.integrationruntime_vnet"
          ]
        }
      ]
    },
    {
      "mode": "managed",
      "type": "azurerm_lb_backend_address_pool",
      "name": "integrationruntime_backend",
      "provider": "provider[\"registry.terraform.io/hashicorp/azurerm\"]",
      "instances": [
        {
          "schema_version": 0,
          "attributes": {
            "backend_ip_configurations": [
              "/subscriptions/7251a908-4032-4426-bff1-4201c5a4e690/resourceGroups/BOLDTAZ-PROD-EastUS2-RG-Data-Analytics/providers/Microsoft.Network/networkInterfaces/integrationruntime-backend-nic/ipConfigurations/internal"
            ],
            "id": "/subscriptions/7251a908-4032-4426-bff1-4201c5a4e690/resourceGroups/BOLDTAZ-PROD-EastUS2-RG-Data-Analytics/providers/Microsoft.Network/loadBalancers/integrationruntime-vnet/backendAddressPools/backend",
            "inbound_nat_rules": [],
            "load_balancing_rules": [
              "/subscriptions/7251a908-4032-4426-bff1-4201c5a4e690/resourceGroups/BOLDTAZ-PROD-EastUS2-RG-Data-Analytics/providers/Microsoft.Network/loadBalancers/integrationruntime-vnet/loadBalancingRules/rds-dev"
            ],
            "loadbalancer_id": "/subscriptions/7251a908-4032-4426-bff1-4201c5a4e690/resourceGroups/BOLDTAZ-PROD-EastUS2-RG-Data-Analytics/providers/Microsoft.Network/loadBalancers/integrationruntime-vnet",
            "name": "backend",
            "outbound_rules": [],
            "synchronous_mode": "",
            "timeouts": null,
            "tunnel_interface": [],
            "virtual_network_id": ""
          },
          "sensitive_attributes": [],
          "private": "eyJlMmJmYjczMC1lY2FhLTExZTYtOGY4OC0zNDM2M2JjN2M0YzAiOnsiY3JlYXRlIjoxODAwMDAwMDAwMDAwLCJkZWxldGUiOjE4MDAwMDAwMDAwMDAsInJlYWQiOjMwMDAwMDAwMDAwMCwidXBkYXRlIjoxODAwMDAwMDAwMDAwfX0=",
          "dependencies": [
            "azurerm_lb.azurerm_lb_integrationruntime",
            "azurerm_subnet.frontend_subnet",
            "azurerm_virtual_network.integrationruntime_vnet"
          ]
        }
      ]
    },
    {
      "mode": "managed",
      "type": "azurerm_lb_probe",
      "name": "integrationruntime_probe",
      "provider": "provider[\"registry.terraform.io/hashicorp/azurerm\"]",
      "instances": [
        {
          "schema_version": 0,
          "attributes": {
            "id": "/subscriptions/7251a908-4032-4426-bff1-4201c5a4e690/resourceGroups/BOLDTAZ-PROD-EastUS2-RG-Data-Analytics/providers/Microsoft.Network/loadBalancers/integrationruntime-vnet/probes/health",
            "interval_in_seconds": 60,
            "load_balancer_rules": [
              "/subscriptions/7251a908-4032-4426-bff1-4201c5a4e690/resourceGroups/BOLDTAZ-PROD-EastUS2-RG-Data-Analytics/providers/Microsoft.Network/loadBalancers/integrationruntime-vnet/loadBalancingRules/rds-dev"
            ],
            "loadbalancer_id": "/subscriptions/7251a908-4032-4426-bff1-4201c5a4e690/resourceGroups/BOLDTAZ-PROD-EastUS2-RG-Data-Analytics/providers/Microsoft.Network/loadBalancers/integrationruntime-vnet",
            "name": "health",
            "number_of_probes": 1,
            "port": 22,
            "probe_threshold": 1,
            "protocol": "Tcp",
            "request_path": "",
            "timeouts": null
          },
          "sensitive_attributes": [],
          "private": "eyJlMmJmYjczMC1lY2FhLTExZTYtOGY4OC0zNDM2M2JjN2M0YzAiOnsiY3JlYXRlIjoxODAwMDAwMDAwMDAwLCJkZWxldGUiOjE4MDAwMDAwMDAwMDAsInJlYWQiOjMwMDAwMDAwMDAwMCwidXBkYXRlIjoxODAwMDAwMDAwMDAwfX0=",
          "dependencies": [
            "azurerm_lb.azurerm_lb_integrationruntime",
            "azurerm_subnet.frontend_subnet",
            "azurerm_virtual_network.integrationruntime_vnet"
          ]
        }
      ]
    },
    {
      "mode": "managed",
      "type": "azurerm_lb_rule",
      "name": "rds_dev_rule",
      "provider": "provider[\"registry.terraform.io/hashicorp/azurerm\"]",
      "instances": [
        {
          "schema_version": 0,
          "attributes": {
            "backend_address_pool_ids": [
              "/subscriptions/7251a908-4032-4426-bff1-4201c5a4e690/resourceGroups/BOLDTAZ-PROD-EastUS2-RG-Data-Analytics/providers/Microsoft.Network/loadBalancers/integrationruntime-vnet/backendAddressPools/backend"
            ],
            "backend_port": 0,
            "disable_outbound_snat": true,
            "enable_floating_ip": false,
            "enable_tcp_reset": false,
            "frontend_ip_configuration_id": "/subscriptions/7251a908-4032-4426-bff1-4201c5a4e690/resourceGroups/BOLDTAZ-PROD-EastUS2-RG-Data-Analytics/providers/Microsoft.Network/loadBalancers/integrationruntime-vnet/frontendIPConfigurations/frontend",
            "frontend_ip_configuration_name": "frontend",
            "frontend_port": 0,
            "id": "/subscriptions/7251a908-4032-4426-bff1-4201c5a4e690/resourceGroups/BOLDTAZ-PROD-EastUS2-RG-Data-Analytics/providers/Microsoft.Network/loadBalancers/integrationruntime-vnet/loadBalancingRules/rds-dev",
            "idle_timeout_in_minutes": 15,
            "load_distribution": "Default",
            "loadbalancer_id": "/subscriptions/7251a908-4032-4426-bff1-4201c5a4e690/resourceGroups/BOLDTAZ-PROD-EastUS2-RG-Data-Analytics/providers/Microsoft.Network/loadBalancers/integrationruntime-vnet",
            "name": "rds-dev",
            "probe_id": "/subscriptions/7251a908-4032-4426-bff1-4201c5a4e690/resourceGroups/BOLDTAZ-PROD-EastUS2-RG-Data-Analytics/providers/Microsoft.Network/loadBalancers/integrationruntime-vnet/probes/health",
            "protocol": "All",
            "timeouts": null
          },
          "sensitive_attributes": [],
          "private": "eyJlMmJmYjczMC1lY2FhLTExZTYtOGY4OC0zNDM2M2JjN2M0YzAiOnsiY3JlYXRlIjoxODAwMDAwMDAwMDAwLCJkZWxldGUiOjE4MDAwMDAwMDAwMDAsInJlYWQiOjMwMDAwMDAwMDAwMCwidXBkYXRlIjoxODAwMDAwMDAwMDAwfX0=",
          "dependencies": [
            "azurerm_lb.azurerm_lb_integrationruntime",
            "azurerm_lb_backend_address_pool.integrationruntime_backend",
            "azurerm_lb_probe.integrationruntime_probe",
            "azurerm_subnet.frontend_subnet",
            "azurerm_virtual_network.integrationruntime_vnet"
          ]
        }
      ]
    },
    {
      "mode": "managed",
      "type": "azurerm_linux_virtual_machine",
      "name": "integrationruntime_backend_vm",
      "provider": "provider[\"registry.terraform.io/hashicorp/azurerm\"]",
      "instances": [
        {
          "schema_version": 0,
          "attributes": {
            "additional_capabilities": [],
            "admin_password": "Tecnalis1234$",
            "admin_ssh_key": [],
            "admin_username": "ubuntu",
            "allow_extension_operations": true,
            "availability_set_id": "",
            "boot_diagnostics": [],
            "bypass_platform_safety_checks_on_user_schedule_enabled": false,
            "capacity_reservation_group_id": "",
            "computer_name": "integrationruntime-backend",
            "custom_data": "IyEvYmluL2Jhc2gNCiMgVXNlciBEYXRhIHNjcmlwdA0KDQojIEFjdHVhbGl6YXIgbG9zIHBhcXVldGVzIGUgaW5zdGFsYXIgaXB0YWJsZXMtcGVyc2lzdGVudA0KZXhwb3J0IERFQklBTl9GUk9OVEVORD1ub25pbnRlcmFjdGl2ZQ0KYXB0LWdldCB1cGRhdGUNCmFwdC1nZXQgaW5zdGFsbCAteSBpcHRhYmxlcy1wZXJzaXN0ZW50DQoNCiMgQ3JlYXIgZWwgYXJjaGl2byBpcF9md2Quc2ggZW4gZWwgZGlyZWN0b3JpbyAvcm9vdC8gY29uIGVsIGNvbnRlbmlkbyBlc3BlY2lmaWNhZG8NCmNhdCA8PCAnRU9GJyA+IC9yb290L2lwX2Z3ZC5zaA0KIyEvYmluL2Jhc2gNCg0KIy0tLS0tLS0tLS0tLS0tLS0tLS0tLS0tLS0tLS0tLS0tLS0tLS0tLS0tLS0tLS0tLS0tLS0tLS0tLS0tLS0tLS0tLS0tLS0tLS0NCiMgQ29weXJpZ2h0IChjKSBNaWNyb3NvZnQgQ29ycG9yYXRpb24uIEFsbCByaWdodHMgcmVzZXJ2ZWQuDQojIExpY2Vuc2VkIHVuZGVyIHRoZSBNSVQgTGljZW5zZS4gDQojLS0tLS0tLS0tLS0tLS0tLS0tLS0tLS0tLS0tLS0tLS0tLS0tLS0tLS0tLS0tLS0tLS0tLS0tLS0tLS0tLS0tLS0tLS0tLS0tLQ0KDQp1c2FnZSgpIHsNCiAgICBlY2hvIC1lICJcZVszM20iDQogICAgZWNobyAidXNhZ2U6ICR7MH0gWy1pIDxldGhfaW50ZXJmYWNlPl0gWy1mIDxmcm9udGVuZF9wb3J0Pl0gWy1hIDxkZXN0X2lwX2FkZHI+XSBbLWIgPGRlc3RfcG9ydD5dIiAxPiYyDQogICAgZWNobyAid2hlcmU6IiAxPiYyDQogICAgZWNobyAiPGV0aF9pbnRlcmZhY2U+OiBJbnRlcmZhY2Ugb24gd2hpY2ggcGFja2V0IHdpbGwgYXJyaXZlIGFuZCBiZSBmb3J3YXJkZWQiIDE+JjINCiAgICBlY2hvICI8ZnJvbnRlbmRfcG9ydD46IEZyb250ZW5kIHBvcnQgb24gd2hpY2ggcGFja2V0IGFycml2ZXMiIDE+JjINCiAgICBlY2hvICI8ZGVzdF9wb3J0PiAgICA6IERlc3RpbmF0aW9uIHBvcnQgdG8gd2hpY2ggcGFja2V0IGlzIGZvcndhcmRlZCIgMT4mMg0KICAgIGVjaG8gIjxkZXN0X2lwX2FkZHI+IDogRGVzdGluYXRpb24gSVAgd2hpY2ggcGFja2V0IGlzIGZvcndhcmRlZCIgMT4mMg0KICAgIGVjaG8gLWUgIlxlWzBtIg0KfQ0KDQppZiBbWyAkIyAtZXEgMCBdXTsgdGhlbg0KICAgIGVjaG8gLWUgIlxlWzMxbUVSUk9SOiBubyBvcHRpb25zIGdpdmVuXGVbMG0iDQogICAgdXNhZ2UNCiAgICBleGl0IDENCmZpDQp3aGlsZSBnZXRvcHRzICdpOmY6YTpiOicgT1BUUzsgZG8NCiAgICBjYXNlICIke09QVFN9IiBpbg0KICAgICAgICBpKQ0KICAgICAgICAgICAgZWNobyAtZSAiXGVbMzJtVXNpbmcgZXRoZXJuZXQgaW50ZXJmYWNlICR7T1BUQVJHfVxlWzBtIg0KICAgICAgICAgICAgRVRIX0lGPSR7T1BUQVJHfQ0KICAgICAgICAgICAgOzsNCiAgICAgICAgZikNCiAgICAgICAgICAgIGVjaG8gLWUgIlxlWzMybUZyb250ZW5kIHBvcnQgaXMgJHtPUFRBUkd9XGVbMG0iDQogICAgICAgICAgICBGRV9QT1JUPSR7T1BUQVJHfQ0KICAgICAgICAgICAgOzsNCiAgICAgICAgYSkNCiAgICAgICAgICAgIGVjaG8gLWUgIlxlWzMybURlc3RpbmF0aW9uIElQIEFkZHJlc3MgaXMgJHtPUFRBUkd9XGVbMG0iDQogICAgICAgICAgICBERVNUX0hPU1Q9JHtPUFRBUkd9DQogICAgICAgICAgICA7Ow0KICAgICAgICBiKQ0KICAgICAgICAgICAgZWNobyAtZSAiXGVbMzJtRGVzdGluYXRpb24gUG9ydCBpcyAke09QVEFSR31cZVswbSINCiAgICAgICAgICAgIERFU1RfUE9SVD0ke09QVEFSR30NCiAgICAgICAgICAgIDs7DQogICAgICAgICopDQogICAgICAgICAgICB1c2FnZQ0KICAgICAgICAgICAgZXhpdCAxDQogICAgICAgICAgICA7Ow0KICAgIGVzYWMNCmRvbmUNCg0KaWYgWyAteiAke0VUSF9JRn0gXTsgdGhlbg0KICAgIGVjaG8gLWUgIlxlWzMxbUVSUk9SOiBldGhlcm5ldCBpbnRlcmZhY2Ugbm90IHNwZWNpZmllZCEhIVxlWzBtIg0KICAgIHVzYWdlDQogICAgZXhpdCAxDQpmaQ0KaWYgWyAteiAke0ZFX1BPUlR9IF07IHRoZW4NCiAgICBlY2hvIC1lICJcZVszMW1FUlJPUjogZnJvbnRlbmQgcG9ydCBub3Qgc3BlY2lmaWVkISEhXGVbMG0iDQogICAgdXNhZ2UNCiAgICBleGl0IDENCmZpDQppZiBbIC16ICR7REVTVF9IT1NUfSBdOyB0aGVuDQogICAgZWNobyAtZSAiXGVbMzFtRVJST1I6IGRlc3RpbmF0aW9uIElQIG5vdCBzcGVjaWZpZWQhISFcZVswbSINCiAgICB1c2FnZQ0KICAgIGV4aXQgMQ0KZmkNCmlmIFsgLXogJHtERVNUX1BPUlR9IF07IHRoZW4NCiAgICBlY2hvIC1lICJcZVszMW1FUlJPUjogZGVzdGluYXRpb24gcG9ydCBub3Qgc3BlY2lmaWVkISEhXGVbMG0iDQogICAgdXNhZ2UNCiAgICBleGl0IDENCmZpDQoNCiMxLiBNYWtlIHN1cmUgeW91J3JlIHJvb3QNCmVjaG8gLWUgIlxlWzMybUNoZWNraW5nIHdoZXRoZXIgd2UncmUgcm9vdC4uLlxlWzBtIg0KaWYgWyAteiAke1VJRH0gXTsgdGhlbg0KICAgIFVJRD0kKGlkIC11KQ0KZmkNCmlmIFsgIiR7VUlEfSIgIT0gIjAiIF07IHRoZW4NCiAgICBlY2hvIC1lICJcZVszMW1FUlJPUjogdXNlciBtdXN0IGJlIHJvb3RcZVswbSINCiAgICBleGl0IDENCmZpDQoNCiMyLiBNYWtlIHN1cmUgSVAgRm9yd2FyZGluZyBpcyBlbmFibGVkIGluIHRoZSBrZXJuZWwNCmVjaG8gLWUgIlxlWzMybUVuYWJsaW5nIElQIGZvcndhcmRpbmcuLi5cZVswbSINCmVjaG8gIjEiID4gL3Byb2Mvc3lzL25ldC9pcHY0L2lwX2ZvcndhcmQNCg0KIzMuIENoZWNrIGlmIElQIG9yIGhvc3RuYW1lIGlzIHNwZWNpZmllZCBmb3IgZGVzdGluYXRpb24gSVANCmlmIFtbICR7REVTVF9IT1NUfSA9fiBeWzAtOV0rXC5bMC05XStcLlswLTldK1wuWzAtOV0rJCBdXTsgdGhlbg0KICAgIERFU1RfSVA9JHtERVNUX0hPU1R9DQplbHNlDQogICAgREVTVF9JUD0kKGhvc3QgJHtERVNUX0hPU1R9IHwgZ3JlcCAiaGFzIGFkZHJlc3MiIHwgYXdrICd7cHJpbnQgJE5GfScpDQpmaQ0KZWNobyAtZSAiXGVbMzJtVXNpbmcgRGVzdGluYXRpb24gSVAgJHtERVNUX0lQfVxlWzBtIg0KDQojNC4gR2V0IGxvY2FsIElQDQpMT0NBTF9JUD0kKGlwIGFkZHIgbHMgJHtFVEhfSUZ9IHwgZ3JlcCAtdyBpbmV0IHwgYXdrICd7cHJpbnQgJDJ9JyB8IGF3ayAtRi8gJ3twcmludCAkMX0nKQ0KZWNobyAtZSAiXGVbMzJtVXNpbmcgTG9jYWwgSVAgJHtMT0NBTF9JUH1cZVswbSINCg0KIzUuIERvIEROQVQNCmVjaG8gLWUgIlxlWzMybUNyZWF0aW5nIEROQVQgcnVsZSBmcm9tICR7TE9DQUxfSVB9OiR7RkVfUE9SVH0gdG8gJHtERVNUX0lQfToke0RFU1RfUE9SVH0uLi5cZVswbSINCmlwdGFibGVzIC10IG5hdCAtQSBQUkVST1VUSU5HIC1wIHRjcCAtaSAke0VUSF9JRn0gLS1kcG9ydCAke0ZFX1BPUlR9IC1qIEROQVQgLS10byAke0RFU1RfSVB9OiR7REVTVF9QT1JUfQ0KDQojNi4gRG8gU05BVA0KZWNobyAtZSAiXGVbMzJtQ3JlYXRpbmcgU05BVCBydWxlIGZyb20gJHtERVNUX0lQfToke0RFU1RfUE9SVH0gdG8gJHtMT0NBTF9JUH06JHtGRV9QT1JUfS4uLlxlWzBtIg0KaXB0YWJsZXMgLXQgbmF0IC1BIFBPU1RST1VUSU5HIC1vICR7RVRIX0lGfSAtaiBNQVNRVUVSQURFDQplY2hvIC1lICJcZVszMm1Eb25lIVxlWzBtIg0KRU9GDQoNCiMgSGFjZXIgZWplY3V0YWJsZSBlbCBhcmNoaXZvDQpjaG1vZCAreCAvcm9vdC9pcF9md2Quc2gNCg0KIyBFamVjdXRhciBlbCBzY3JpcHQgY29uIGxvcyBwYXLDoW1ldHJvcyBwcm9wb3JjaW9uYWRvcw0KL3Jvb3QvaXBfZndkLnNoIC1pIGV0aDAgLWYgNTQzMiAtYSAxNzIuMzAuMzUuMTcgLWIgNTQzMg0KDQojIEd1YXJkYXIgbGFzIHJlZ2xhcyBkZSBpcHRhYmxlcyBkZSBmb3JtYSBwZXJtYW5lbnRlDQppcHRhYmxlcy1zYXZlID4gL2V0Yy9pcHRhYmxlcy9ydWxlcy52NA0KDQojIEhhY2VyIHF1ZSBlbCBzY3JpcHQgc2UgZWplY3V0ZSBhbCBpbmljaW8gYWdyZWfDoW5kb2xvIGEgcmMubG9jYWwNCmNhdCA8PCAnRU9GJyA+PiAvZXRjL3JjLmxvY2FsDQovcm9vdC9pcF9md2Quc2ggLWkgZXRoMCAtZiA1NDMyIC1hIDE3Mi4zMC4zNS4xNyAtYiA1NDMyDQpFT0YNCg0KIyBBc2VndXJhcnNlIGRlIHF1ZSByYy5sb2NhbCBzZWEgZWplY3V0YWJsZQ0KY2htb2QgK3ggL2V0Yy9yYy5sb2NhbA0K",
            "dedicated_host_group_id": "",
            "dedicated_host_id": "",
            "disable_password_authentication": false,
            "disk_controller_type": "SCSI",
            "edge_zone": "",
            "encryption_at_host_enabled": false,
            "eviction_policy": "",
            "extensions_time_budget": "PT1H30M",
            "gallery_application": [],
            "id": "/subscriptions/7251a908-4032-4426-bff1-4201c5a4e690/resourceGroups/BOLDTAZ-PROD-EastUS2-RG-Data-Analytics/providers/Microsoft.Compute/virtualMachines/integrationruntime-backend",
            "identity": [],
            "license_type": "",
            "location": "eastus2",
            "max_bid_price": -1,
            "name": "integrationruntime-backend",
            "network_interface_ids": [
              "/subscriptions/7251a908-4032-4426-bff1-4201c5a4e690/resourceGroups/BOLDTAZ-PROD-EastUS2-RG-Data-Analytics/providers/Microsoft.Network/networkInterfaces/integrationruntime-backend-nic"
            ],
            "os_disk": [
              {
                "caching": "ReadWrite",
                "diff_disk_settings": [],
                "disk_encryption_set_id": "",
                "disk_size_gb": 30,
                "name": "integrationruntime-backend_OsDisk_1_e2e048e70a2a478791c872293b38785b",
                "secure_vm_disk_encryption_set_id": "",
                "security_encryption_type": "",
                "storage_account_type": "Standard_LRS",
                "write_accelerator_enabled": false
              }
            ],
            "os_image_notification": [],
            "patch_assessment_mode": "ImageDefault",
            "patch_mode": "ImageDefault",
            "plan": [],
            "platform_fault_domain": -1,
            "priority": "Regular",
            "private_ip_address": "172.30.30.132",
            "private_ip_addresses": [
              "172.30.30.132"
            ],
            "provision_vm_agent": true,
            "proximity_placement_group_id": "",
            "public_ip_address": "52.167.203.121",
            "public_ip_addresses": [
              "52.167.203.121"
            ],
            "reboot_setting": "",
            "resource_group_name": "BOLDTAZ-PROD-EastUS2-RG-Data-Analytics",
            "secret": [],
            "secure_boot_enabled": false,
            "size": "Standard_B12ms",
            "source_image_id": "",
            "source_image_reference": [
              {
                "offer": "0001-com-ubuntu-server-jammy",
                "publisher": "Canonical",
                "sku": "22_04-lts-gen2",
                "version": "22.04.202408300"
              }
            ],
            "tags": null,
            "termination_notification": null,
            "timeouts": null,
            "user_data": "",
            "virtual_machine_id": "776e012d-fdf9-4776-8fa4-293d54caa214",
            "virtual_machine_scale_set_id": "",
            "vm_agent_platform_updates_enabled": false,
            "vtpm_enabled": false,
            "zone": ""
          },
          "sensitive_attributes": [
            [
              {
                "type": "get_attr",
                "value": "custom_data"
              }
            ],
            [
              {
                "type": "get_attr",
                "value": "admin_password"
              }
            ]
          ],
          "private": "eyJlMmJmYjczMC1lY2FhLTExZTYtOGY4OC0zNDM2M2JjN2M0YzAiOnsiY3JlYXRlIjoyNzAwMDAwMDAwMDAwLCJkZWxldGUiOjI3MDAwMDAwMDAwMDAsInJlYWQiOjMwMDAwMDAwMDAwMCwidXBkYXRlIjoyNzAwMDAwMDAwMDAwfX0=",
          "dependencies": [
            "azurerm_network_interface.integrationruntime_backend_nic",
            "azurerm_public_ip.integrationruntime_backend_public_ip",
            "azurerm_subnet.backend_subnet",
            "azurerm_virtual_network.integrationruntime_vnet"
          ]
        }
      ]
    },
    {
      "mode": "managed",
      "type": "azurerm_network_interface",
      "name": "integrationruntime_backend_nic",
      "provider": "provider[\"registry.terraform.io/hashicorp/azurerm\"]",
      "instances": [
        {
          "schema_version": 0,
          "attributes": {
            "accelerated_networking_enabled": false,
            "applied_dns_servers": [],
            "auxiliary_mode": "",
            "auxiliary_sku": "",
            "dns_servers": [],
            "edge_zone": "",
            "id": "/subscriptions/7251a908-4032-4426-bff1-4201c5a4e690/resourceGroups/BOLDTAZ-PROD-EastUS2-RG-Data-Analytics/providers/Microsoft.Network/networkInterfaces/integrationruntime-backend-nic",
            "internal_dns_name_label": "",
            "internal_domain_name_suffix": "esf0nsib31zuvfxaje0gejdizc.cx.internal.cloudapp.net",
            "ip_configuration": [
              {
                "gateway_load_balancer_frontend_ip_configuration_id": "",
                "name": "internal",
                "primary": true,
                "private_ip_address": "172.30.30.132",
                "private_ip_address_allocation": "Dynamic",
                "private_ip_address_version": "IPv4",
                "public_ip_address_id": "/subscriptions/7251a908-4032-4426-bff1-4201c5a4e690/resourceGroups/BOLDTAZ-PROD-EastUS2-RG-Data-Analytics/providers/Microsoft.Network/publicIPAddresses/integrationruntime-backend-public-ip",
                "subnet_id": "/subscriptions/7251a908-4032-4426-bff1-4201c5a4e690/resourceGroups/BOLDTAZ-PROD-EastUS2-RG-Data-Analytics/providers/Microsoft.Network/virtualNetworks/integrationruntime-for-vnet/subnets/backend-subnet"
              }
            ],
            "ip_forwarding_enabled": false,
            "location": "eastus2",
            "mac_address": "00-22-48-51-3A-51",
            "name": "integrationruntime-backend-nic",
            "private_ip_address": "172.30.30.132",
            "private_ip_addresses": [
              "172.30.30.132"
            ],
            "resource_group_name": "BOLDTAZ-PROD-EastUS2-RG-Data-Analytics",
            "tags": {},
            "timeouts": null,
            "virtual_machine_id": "/subscriptions/7251a908-4032-4426-bff1-4201c5a4e690/resourceGroups/BOLDTAZ-PROD-EastUS2-RG-Data-Analytics/providers/Microsoft.Compute/virtualMachines/integrationruntime-backend"
          },
          "sensitive_attributes": [],
          "private": "eyJlMmJmYjczMC1lY2FhLTExZTYtOGY4OC0zNDM2M2JjN2M0YzAiOnsiY3JlYXRlIjoxODAwMDAwMDAwMDAwLCJkZWxldGUiOjE4MDAwMDAwMDAwMDAsInJlYWQiOjMwMDAwMDAwMDAwMCwidXBkYXRlIjoxODAwMDAwMDAwMDAwfX0=",
          "dependencies": [
            "azurerm_public_ip.integrationruntime_backend_public_ip",
            "azurerm_subnet.backend_subnet",
            "azurerm_virtual_network.integrationruntime_vnet"
          ]
        }
      ]
    },
    {
      "mode": "managed",
      "type": "azurerm_network_interface_backend_address_pool_association",
      "name": "backend",
      "provider": "provider[\"registry.terraform.io/hashicorp/azurerm\"]",
      "instances": [
        {
          "schema_version": 0,
          "attributes": {
            "backend_address_pool_id": "/subscriptions/7251a908-4032-4426-bff1-4201c5a4e690/resourceGroups/BOLDTAZ-PROD-EastUS2-RG-Data-Analytics/providers/Microsoft.Network/loadBalancers/integrationruntime-vnet/backendAddressPools/backend",
            "id": "/subscriptions/7251a908-4032-4426-bff1-4201c5a4e690/resourceGroups/BOLDTAZ-PROD-EastUS2-RG-Data-Analytics/providers/Microsoft.Network/networkInterfaces/integrationruntime-backend-nic/ipConfigurations/internal|/subscriptions/7251a908-4032-4426-bff1-4201c5a4e690/resourceGroups/BOLDTAZ-PROD-EastUS2-RG-Data-Analytics/providers/Microsoft.Network/loadBalancers/integrationruntime-vnet/backendAddressPools/backend",
            "ip_configuration_name": "internal",
            "network_interface_id": "/subscriptions/7251a908-4032-4426-bff1-4201c5a4e690/resourceGroups/BOLDTAZ-PROD-EastUS2-RG-Data-Analytics/providers/Microsoft.Network/networkInterfaces/integrationruntime-backend-nic",
            "timeouts": null
          },
          "sensitive_attributes": [],
          "private": "eyJlMmJmYjczMC1lY2FhLTExZTYtOGY4OC0zNDM2M2JjN2M0YzAiOnsiY3JlYXRlIjoxODAwMDAwMDAwMDAwLCJkZWxldGUiOjE4MDAwMDAwMDAwMDAsInJlYWQiOjMwMDAwMDAwMDAwMH19",
          "dependencies": [
            "azurerm_lb.azurerm_lb_integrationruntime",
            "azurerm_lb_backend_address_pool.integrationruntime_backend",
            "azurerm_network_interface.integrationruntime_backend_nic",
            "azurerm_public_ip.integrationruntime_backend_public_ip",
            "azurerm_subnet.backend_subnet",
            "azurerm_subnet.frontend_subnet",
            "azurerm_virtual_network.integrationruntime_vnet"
          ]
        }
      ]
    },
    {
      "mode": "managed",
      "type": "azurerm_private_link_service",
      "name": "psl",
      "provider": "provider[\"registry.terraform.io/hashicorp/azurerm\"]",
      "instances": [
        {
          "schema_version": 0,
          "attributes": {
            "alias": "psl.5b3f5af8-bb48-4af2-a754-02b7dab9dbe3.eastus2.azure.privatelinkservice",
            "auto_approval_subscription_ids": [],
            "enable_proxy_protocol": false,
            "fqdns": [],
            "id": "/subscriptions/7251a908-4032-4426-bff1-4201c5a4e690/resourceGroups/BOLDTAZ-PROD-EastUS2-RG-Data-Analytics/providers/Microsoft.Network/privateLinkServices/psl",
            "load_balancer_frontend_ip_configuration_ids": [
              "/subscriptions/7251a908-4032-4426-bff1-4201c5a4e690/resourceGroups/BOLDTAZ-PROD-EastUS2-RG-Data-Analytics/providers/Microsoft.Network/loadBalancers/integrationruntime-vnet/frontendIPConfigurations/frontend"
            ],
            "location": "eastus2",
            "name": "psl",
            "nat_ip_configuration": [
              {
                "name": "nat-ip-config",
                "primary": true,
                "private_ip_address": "",
                "private_ip_address_version": "IPv4",
                "subnet_id": "/subscriptions/7251a908-4032-4426-bff1-4201c5a4e690/resourceGroups/BOLDTAZ-PROD-EastUS2-RG-Data-Analytics/providers/Microsoft.Network/virtualNetworks/integrationruntime-for-vnet/subnets/pls-subnet"
              }
            ],
            "resource_group_name": "BOLDTAZ-PROD-EastUS2-RG-Data-Analytics",
            "tags": {},
            "timeouts": null,
            "visibility_subscription_ids": []
          },
          "sensitive_attributes": [],
          "private": "eyJlMmJmYjczMC1lY2FhLTExZTYtOGY4OC0zNDM2M2JjN2M0YzAiOnsiY3JlYXRlIjozNjAwMDAwMDAwMDAwLCJkZWxldGUiOjM2MDAwMDAwMDAwMDAsInJlYWQiOjMwMDAwMDAwMDAwMCwidXBkYXRlIjozNjAwMDAwMDAwMDAwfX0=",
          "dependencies": [
            "azurerm_lb.azurerm_lb_integrationruntime",
            "azurerm_subnet.frontend_subnet",
            "azurerm_subnet.pls_subnet",
            "azurerm_virtual_network.integrationruntime_vnet"
          ]
        }
      ]
    },
    {
      "mode": "managed",
      "type": "azurerm_public_ip",
      "name": "integrationruntime_backend_public_ip",
      "provider": "provider[\"registry.terraform.io/hashicorp/azurerm\"]",
      "instances": [
        {
          "schema_version": 0,
          "attributes": {
            "allocation_method": "Static",
            "ddos_protection_mode": "VirtualNetworkInherited",
            "ddos_protection_plan_id": null,
            "domain_name_label": null,
            "edge_zone": "",
            "fqdn": null,
            "id": "/subscriptions/7251a908-4032-4426-bff1-4201c5a4e690/resourceGroups/BOLDTAZ-PROD-EastUS2-RG-Data-Analytics/providers/Microsoft.Network/publicIPAddresses/integrationruntime-backend-public-ip",
            "idle_timeout_in_minutes": 4,
            "ip_address": "52.167.203.121",
            "ip_tags": {},
            "ip_version": "IPv4",
            "location": "eastus2",
            "name": "integrationruntime-backend-public-ip",
            "public_ip_prefix_id": null,
            "resource_group_name": "BOLDTAZ-PROD-EastUS2-RG-Data-Analytics",
            "reverse_fqdn": null,
            "sku": "Standard",
            "sku_tier": "Regional",
            "tags": {},
            "timeouts": null,
            "zones": []
          },
          "sensitive_attributes": [],
          "private": "eyJlMmJmYjczMC1lY2FhLTExZTYtOGY4OC0zNDM2M2JjN2M0YzAiOnsiY3JlYXRlIjoxODAwMDAwMDAwMDAwLCJkZWxldGUiOjE4MDAwMDAwMDAwMDAsInJlYWQiOjMwMDAwMDAwMDAwMCwidXBkYXRlIjoxODAwMDAwMDAwMDAwfX0="
        }
      ]
    },
    {
      "mode": "managed",
      "type": "azurerm_subnet",
      "name": "backend_subnet",
      "provider": "provider[\"registry.terraform.io/hashicorp/azurerm\"]",
      "instances": [
        {
          "schema_version": 0,
          "attributes": {
            "address_prefixes": [
              "172.30.30.128/26"
            ],
            "default_outbound_access_enabled": true,
            "delegation": [],
            "id": "/subscriptions/7251a908-4032-4426-bff1-4201c5a4e690/resourceGroups/BOLDTAZ-PROD-EastUS2-RG-Data-Analytics/providers/Microsoft.Network/virtualNetworks/integrationruntime-for-vnet/subnets/backend-subnet",
            "name": "backend-subnet",
            "private_endpoint_network_policies": "Disabled",
            "private_link_service_network_policies_enabled": true,
            "resource_group_name": "BOLDTAZ-PROD-EastUS2-RG-Data-Analytics",
            "service_endpoint_policy_ids": [],
            "service_endpoints": [],
            "timeouts": null,
            "virtual_network_name": "integrationruntime-for-vnet"
          },
          "sensitive_attributes": [],
          "private": "eyJlMmJmYjczMC1lY2FhLTExZTYtOGY4OC0zNDM2M2JjN2M0YzAiOnsiY3JlYXRlIjoxODAwMDAwMDAwMDAwLCJkZWxldGUiOjE4MDAwMDAwMDAwMDAsInJlYWQiOjMwMDAwMDAwMDAwMCwidXBkYXRlIjoxODAwMDAwMDAwMDAwfX0=",
          "dependencies": [
            "azurerm_virtual_network.integrationruntime_vnet"
          ]
        }
      ]
    },
    {
      "mode": "managed",
      "type": "azurerm_subnet",
      "name": "frontend_subnet",
      "provider": "provider[\"registry.terraform.io/hashicorp/azurerm\"]",
      "instances": [
        {
          "schema_version": 0,
          "attributes": {
            "address_prefixes": [
              "172.30.30.64/26"
            ],
            "default_outbound_access_enabled": true,
            "delegation": [],
            "id": "/subscriptions/7251a908-4032-4426-bff1-4201c5a4e690/resourceGroups/BOLDTAZ-PROD-EastUS2-RG-Data-Analytics/providers/Microsoft.Network/virtualNetworks/integrationruntime-for-vnet/subnets/frontend-subnet",
            "name": "frontend-subnet",
            "private_endpoint_network_policies": "Disabled",
            "private_link_service_network_policies_enabled": true,
            "resource_group_name": "BOLDTAZ-PROD-EastUS2-RG-Data-Analytics",
            "service_endpoint_policy_ids": [],
            "service_endpoints": [],
            "timeouts": null,
            "virtual_network_name": "integrationruntime-for-vnet"
          },
          "sensitive_attributes": [],
          "private": "eyJlMmJmYjczMC1lY2FhLTExZTYtOGY4OC0zNDM2M2JjN2M0YzAiOnsiY3JlYXRlIjoxODAwMDAwMDAwMDAwLCJkZWxldGUiOjE4MDAwMDAwMDAwMDAsInJlYWQiOjMwMDAwMDAwMDAwMCwidXBkYXRlIjoxODAwMDAwMDAwMDAwfX0=",
          "dependencies": [
            "azurerm_virtual_network.integrationruntime_vnet"
          ]
        }
      ]
    },
    {
      "mode": "managed",
      "type": "azurerm_subnet",
      "name": "pls_subnet",
      "provider": "provider[\"registry.terraform.io/hashicorp/azurerm\"]",
      "instances": [
        {
          "schema_version": 0,
          "attributes": {
            "address_prefixes": [
              "172.30.30.0/26"
            ],
            "default_outbound_access_enabled": true,
            "delegation": [],
            "id": "/subscriptions/7251a908-4032-4426-bff1-4201c5a4e690/resourceGroups/BOLDTAZ-PROD-EastUS2-RG-Data-Analytics/providers/Microsoft.Network/virtualNetworks/integrationruntime-for-vnet/subnets/pls-subnet",
            "name": "pls-subnet",
            "private_endpoint_network_policies": "Disabled",
            "private_link_service_network_policies_enabled": false,
            "resource_group_name": "BOLDTAZ-PROD-EastUS2-RG-Data-Analytics",
            "service_endpoint_policy_ids": [],
            "service_endpoints": [],
            "timeouts": null,
            "virtual_network_name": "integrationruntime-for-vnet"
          },
          "sensitive_attributes": [],
          "private": "eyJlMmJmYjczMC1lY2FhLTExZTYtOGY4OC0zNDM2M2JjN2M0YzAiOnsiY3JlYXRlIjoxODAwMDAwMDAwMDAwLCJkZWxldGUiOjE4MDAwMDAwMDAwMDAsInJlYWQiOjMwMDAwMDAwMDAwMCwidXBkYXRlIjoxODAwMDAwMDAwMDAwfX0=",
          "dependencies": [
            "azurerm_virtual_network.integrationruntime_vnet"
          ]
        }
      ]
    },
    {
      "mode": "managed",
      "type": "azurerm_virtual_network",
      "name": "integrationruntime_vnet",
      "provider": "provider[\"registry.terraform.io/hashicorp/azurerm\"]",
      "instances": [
        {
          "schema_version": 0,
          "attributes": {
            "address_space": [
              "172.30.30.0/24"
            ],
            "bgp_community": "",
            "ddos_protection_plan": [],
            "dns_servers": [],
            "edge_zone": "",
            "encryption": [],
            "flow_timeout_in_minutes": 0,
            "guid": "c9a68b24-ee01-4af3-96e0-4934622468ca",
            "id": "/subscriptions/7251a908-4032-4426-bff1-4201c5a4e690/resourceGroups/BOLDTAZ-PROD-EastUS2-RG-Data-Analytics/providers/Microsoft.Network/virtualNetworks/integrationruntime-for-vnet",
            "location": "eastus2",
            "name": "integrationruntime-for-vnet",
            "resource_group_name": "BOLDTAZ-PROD-EastUS2-RG-Data-Analytics",
            "subnet": [
              {
                "address_prefixes": [
                  "172.30.30.0/26"
                ],
                "default_outbound_access_enabled": true,
                "delegation": [],
                "id": "/subscriptions/7251a908-4032-4426-bff1-4201c5a4e690/resourceGroups/BOLDTAZ-PROD-EastUS2-RG-Data-Analytics/providers/Microsoft.Network/virtualNetworks/integrationruntime-for-vnet/subnets/pls-subnet",
                "name": "pls-subnet",
                "private_endpoint_network_policies": "Disabled",
                "private_link_service_network_policies_enabled": false,
                "route_table_id": "",
                "security_group": "",
                "service_endpoint_policy_ids": [],
                "service_endpoints": []
              },
              {
                "address_prefixes": [
                  "172.30.30.128/26"
                ],
                "default_outbound_access_enabled": true,
                "delegation": [],
                "id": "/subscriptions/7251a908-4032-4426-bff1-4201c5a4e690/resourceGroups/BOLDTAZ-PROD-EastUS2-RG-Data-Analytics/providers/Microsoft.Network/virtualNetworks/integrationruntime-for-vnet/subnets/backend-subnet",
                "name": "backend-subnet",
                "private_endpoint_network_policies": "Disabled",
                "private_link_service_network_policies_enabled": true,
                "route_table_id": "",
                "security_group": "",
                "service_endpoint_policy_ids": [],
                "service_endpoints": []
              },
              {
                "address_prefixes": [
                  "172.30.30.192/27"
                ],
                "default_outbound_access_enabled": false,
                "delegation": [],
                "id": "/subscriptions/7251a908-4032-4426-bff1-4201c5a4e690/resourceGroups/BOLDTAZ-PROD-EastUS2-RG-Data-Analytics/providers/Microsoft.Network/virtualNetworks/integrationruntime-for-vnet/subnets/GatewaySubnet",
                "name": "GatewaySubnet",
                "private_endpoint_network_policies": "Disabled",
                "private_link_service_network_policies_enabled": true,
                "route_table_id": "",
                "security_group": "",
                "service_endpoint_policy_ids": [],
                "service_endpoints": []
              },
              {
                "address_prefixes": [
                  "172.30.30.64/26"
                ],
                "default_outbound_access_enabled": true,
                "delegation": [],
                "id": "/subscriptions/7251a908-4032-4426-bff1-4201c5a4e690/resourceGroups/BOLDTAZ-PROD-EastUS2-RG-Data-Analytics/providers/Microsoft.Network/virtualNetworks/integrationruntime-for-vnet/subnets/frontend-subnet",
                "name": "frontend-subnet",
                "private_endpoint_network_policies": "Disabled",
                "private_link_service_network_policies_enabled": true,
                "route_table_id": "",
                "security_group": "",
                "service_endpoint_policy_ids": [],
                "service_endpoints": []
              }
            ],
            "tags": {},
            "timeouts": null
          },
          "sensitive_attributes": [],
          "private": "eyJlMmJmYjczMC1lY2FhLTExZTYtOGY4OC0zNDM2M2JjN2M0YzAiOnsiY3JlYXRlIjoxODAwMDAwMDAwMDAwLCJkZWxldGUiOjE4MDAwMDAwMDAwMDAsInJlYWQiOjMwMDAwMDAwMDAwMCwidXBkYXRlIjoxODAwMDAwMDAwMDAwfX0="
        }
      ]
    }
  ],
  "check_results": null
}
